
Microsoft Visual Studio Solution File, Format Version 12.00
# Visual Studio 15
VisualStudioVersion = 15.0.27004.2010
MinimumVisualStudioVersion = 10.0.40219.1
Project("{2150E333-8FDC-42A3-9474-1A3956D46DE8}") = "Solution Items", "Solution Items", "{6A67EFA0-0E27-496D-9894-6DC5E59B4C2D}"
	ProjectSection(SolutionItems) = preProject
		AssemblyInfo.cs = AssemblyInfo.cs
		License.txt = License.txt
		Plugin.OAuth2.nuspec = Plugin.OAuth2.nuspec
		Readme.md = Readme.md
	EndProjectSection
EndProject
Project("{9A19103F-16F7-4668-BE54-9A1E7A4F7556}") = "Plugin.OAuth2.Common", "Plugin.OAuth2.Common\Plugin.OAuth2.Common.csproj", "{E2265C32-3ADE-49F9-AB3E-CB4A605ACFC5}"
EndProject
Project("{D954291E-2A0B-460D-934E-DC6B0785DB48}") = "Plugin.OAuth2.Shared", "Plugin.OAuth2.Shared\Plugin.OAuth2.Shared.shproj", "{D0F0BC83-A077-4F16-970F-C4D642E642C3}"
EndProject
Project("{9A19103F-16F7-4668-BE54-9A1E7A4F7556}") = "Plugin.OAuth2", "Plugin.OAuth2\Plugin.OAuth2.csproj", "{C4D264AD-AFDB-49D7-AD69-C8221AF69B94}"
EndProject
Project("{9A19103F-16F7-4668-BE54-9A1E7A4F7556}") = "Plugin.OAuth2.Common.Test", "Plugin.OAuth2.Common.Test\Plugin.OAuth2.Common.Test.csproj", "{1AD38B2C-D296-4345-8BCE-B44F42AFF5C1}"
EndProject
Project("{FAE04EC0-301F-11D3-BF4B-00C04F79EFBC}") = "Plugin.OAuth2.iOS", "Plugin.OAuth2.iOS\Plugin.OAuth2.iOS.csproj", "{EEF40825-DA7E-4768-8296-060616A839C2}"
EndProject
Project("{2150E333-8FDC-42A3-9474-1A3956D46DE8}") = "TestApps", "TestApps", "{C5764FD7-6761-42D3-B28C-293FC534A186}"
EndProject
Project("{9A19103F-16F7-4668-BE54-9A1E7A4F7556}") = "TestApp.Shared", "TestApps\TestApp.Shared\TestApp.Shared.csproj", "{81EEA812-C16E-4EC7-A0B5-DC5C53AC1569}"
EndProject
Project("{FAE04EC0-301F-11D3-BF4B-00C04F79EFBC}") = "TestApp.iOS", "TestApps\TestApp.iOS\TestApp.iOS.csproj", "{6345A226-9F9D-4E87-BFBA-B878B4BF99AE}"
EndProject
Project("{FAE04EC0-301F-11D3-BF4B-00C04F79EFBC}") = "Plugin.OAuth2.macOS", "Plugin.OAuth2.macOS\Plugin.OAuth2.macOS.csproj", "{93A94F03-05AC-4306-B2A6-194925B2BDA5}"
EndProject
Project("{FAE04EC0-301F-11D3-BF4B-00C04F79EFBC}") = "TestApp.macOS", "TestApps\TestApp.macOS\TestApp.macOS.csproj", "{4966C3AD-6948-4424-B1DD-4AD82B3D281D}"
EndProject
Project("{FAE04EC0-301F-11D3-BF4B-00C04F79EFBC}") = "TestApp.UWP", "TestApps\TestApp.UWP\TestApp.UWP.csproj", "{88F25D9F-282F-4A1D-B164-CD5C765A418A}"
EndProject
Project("{FAE04EC0-301F-11D3-BF4B-00C04F79EFBC}") = "TestApp.Net46", "TestApps\TestApp.Net46\TestApp.Net46.csproj", "{65A67927-7C6F-4BD6-978A-FF115E7254D3}"
EndProject
Project("{FAE04EC0-301F-11D3-BF4B-00C04F79EFBC}") = "TestApp.Android", "TestApps\TestApp.Android\TestApp.Android.csproj", "{5628C148-20D9-4CC7-B6AD-617B18DC4EE0}"
EndProject
Project("{FAE04EC0-301F-11D3-BF4B-00C04F79EFBC}") = "Plugin.OAuth2.UWP", "Plugin.OAuth2.UWP\Plugin.OAuth2.UWP.csproj", "{D1EE9925-54D9-4943-803D-E5C46430C7F9}"
EndProject
Project("{FAE04EC0-301F-11D3-BF4B-00C04F79EFBC}") = "Plugin.OAuth2.Android", "Plugin.OAuth2.Android\Plugin.OAuth2.Android.csproj", "{8A7B3A62-E143-437D-98AC-D30FA44707A1}"
EndProject
Project("{FAE04EC0-301F-11D3-BF4B-00C04F79EFBC}") = "Plugin.OAuth2.Net46", "Plugin.OAuth2.Net46\Plugin.OAuth2.Net46.csproj", "{304B64F6-FF0E-4E1B-BEE5-E51DF3A4EBEA}"
EndProject
Global
	GlobalSection(SharedMSBuildProjectFiles) = preSolution
		Plugin.OAuth2.Shared\Plugin.OAuth2.Shared.projitems*{304b64f6-ff0e-4e1b-bee5-e51df3a4ebea}*SharedItemsImports = 4
		Plugin.OAuth2.Shared\Plugin.OAuth2.Shared.projitems*{93a94f03-05ac-4306-b2a6-194925b2bda5}*SharedItemsImports = 4
		Plugin.OAuth2.Shared\Plugin.OAuth2.Shared.projitems*{d0f0bc83-a077-4f16-970f-c4d642e642c3}*SharedItemsImports = 13
		Plugin.OAuth2.Shared\Plugin.OAuth2.Shared.projitems*{d1ee9925-54d9-4943-803d-e5c46430c7f9}*SharedItemsImports = 4
		Plugin.OAuth2.Shared\Plugin.OAuth2.Shared.projitems*{eef40825-da7e-4768-8296-060616a839c2}*SharedItemsImports = 4
	EndGlobalSection
	GlobalSection(SolutionConfigurationPlatforms) = preSolution
		Ad-Hoc|Any CPU = Ad-Hoc|Any CPU
		Ad-Hoc|ARM = Ad-Hoc|ARM
		Ad-Hoc|iPhone = Ad-Hoc|iPhone
		Ad-Hoc|iPhoneSimulator = Ad-Hoc|iPhoneSimulator
		Ad-Hoc|x64 = Ad-Hoc|x64
		Ad-Hoc|x86 = Ad-Hoc|x86
		AppStore|Any CPU = AppStore|Any CPU
		AppStore|ARM = AppStore|ARM
		AppStore|iPhone = AppStore|iPhone
		AppStore|iPhoneSimulator = AppStore|iPhoneSimulator
		AppStore|x64 = AppStore|x64
		AppStore|x86 = AppStore|x86
		Debug|Any CPU = Debug|Any CPU
		Debug|ARM = Debug|ARM
		Debug|iPhone = Debug|iPhone
		Debug|iPhoneSimulator = Debug|iPhoneSimulator
		Debug|x64 = Debug|x64
		Debug|x86 = Debug|x86
		Release|Any CPU = Release|Any CPU
		Release|ARM = Release|ARM
		Release|iPhone = Release|iPhone
		Release|iPhoneSimulator = Release|iPhoneSimulator
		Release|x64 = Release|x64
		Release|x86 = Release|x86
	EndGlobalSection
	GlobalSection(ProjectConfigurationPlatforms) = postSolution
		{E2265C32-3ADE-49F9-AB3E-CB4A605ACFC5}.Ad-Hoc|Any CPU.ActiveCfg = Release|Any CPU
		{E2265C32-3ADE-49F9-AB3E-CB4A605ACFC5}.Ad-Hoc|Any CPU.Build.0 = Release|Any CPU
		{E2265C32-3ADE-49F9-AB3E-CB4A605ACFC5}.Ad-Hoc|ARM.ActiveCfg = Release|Any CPU
		{E2265C32-3ADE-49F9-AB3E-CB4A605ACFC5}.Ad-Hoc|ARM.Build.0 = Release|Any CPU
		{E2265C32-3ADE-49F9-AB3E-CB4A605ACFC5}.Ad-Hoc|iPhone.ActiveCfg = Release|Any CPU
		{E2265C32-3ADE-49F9-AB3E-CB4A605ACFC5}.Ad-Hoc|iPhone.Build.0 = Release|Any CPU
		{E2265C32-3ADE-49F9-AB3E-CB4A605ACFC5}.Ad-Hoc|iPhoneSimulator.ActiveCfg = Release|Any CPU
		{E2265C32-3ADE-49F9-AB3E-CB4A605ACFC5}.Ad-Hoc|iPhoneSimulator.Build.0 = Release|Any CPU
		{E2265C32-3ADE-49F9-AB3E-CB4A605ACFC5}.Ad-Hoc|x64.ActiveCfg = Release|Any CPU
		{E2265C32-3ADE-49F9-AB3E-CB4A605ACFC5}.Ad-Hoc|x64.Build.0 = Release|Any CPU
		{E2265C32-3ADE-49F9-AB3E-CB4A605ACFC5}.Ad-Hoc|x86.ActiveCfg = Release|Any CPU
		{E2265C32-3ADE-49F9-AB3E-CB4A605ACFC5}.Ad-Hoc|x86.Build.0 = Release|Any CPU
		{E2265C32-3ADE-49F9-AB3E-CB4A605ACFC5}.AppStore|Any CPU.ActiveCfg = Debug|Any CPU
		{E2265C32-3ADE-49F9-AB3E-CB4A605ACFC5}.AppStore|Any CPU.Build.0 = Debug|Any CPU
		{E2265C32-3ADE-49F9-AB3E-CB4A605ACFC5}.AppStore|ARM.ActiveCfg = Debug|Any CPU
		{E2265C32-3ADE-49F9-AB3E-CB4A605ACFC5}.AppStore|ARM.Build.0 = Debug|Any CPU
		{E2265C32-3ADE-49F9-AB3E-CB4A605ACFC5}.AppStore|iPhone.ActiveCfg = Release|Any CPU
		{E2265C32-3ADE-49F9-AB3E-CB4A605ACFC5}.AppStore|iPhone.Build.0 = Release|Any CPU
		{E2265C32-3ADE-49F9-AB3E-CB4A605ACFC5}.AppStore|iPhoneSimulator.ActiveCfg = Release|Any CPU
		{E2265C32-3ADE-49F9-AB3E-CB4A605ACFC5}.AppStore|iPhoneSimulator.Build.0 = Release|Any CPU
		{E2265C32-3ADE-49F9-AB3E-CB4A605ACFC5}.AppStore|x64.ActiveCfg = Debug|Any CPU
		{E2265C32-3ADE-49F9-AB3E-CB4A605ACFC5}.AppStore|x64.Build.0 = Debug|Any CPU
		{E2265C32-3ADE-49F9-AB3E-CB4A605ACFC5}.AppStore|x86.ActiveCfg = Debug|Any CPU
		{E2265C32-3ADE-49F9-AB3E-CB4A605ACFC5}.AppStore|x86.Build.0 = Debug|Any CPU
		{E2265C32-3ADE-49F9-AB3E-CB4A605ACFC5}.Debug|Any CPU.ActiveCfg = Debug|Any CPU
		{E2265C32-3ADE-49F9-AB3E-CB4A605ACFC5}.Debug|Any CPU.Build.0 = Debug|Any CPU
		{E2265C32-3ADE-49F9-AB3E-CB4A605ACFC5}.Debug|ARM.ActiveCfg = Debug|Any CPU
		{E2265C32-3ADE-49F9-AB3E-CB4A605ACFC5}.Debug|ARM.Build.0 = Debug|Any CPU
		{E2265C32-3ADE-49F9-AB3E-CB4A605ACFC5}.Debug|iPhone.ActiveCfg = Debug|Any CPU
		{E2265C32-3ADE-49F9-AB3E-CB4A605ACFC5}.Debug|iPhone.Build.0 = Debug|Any CPU
		{E2265C32-3ADE-49F9-AB3E-CB4A605ACFC5}.Debug|iPhoneSimulator.ActiveCfg = Debug|Any CPU
		{E2265C32-3ADE-49F9-AB3E-CB4A605ACFC5}.Debug|iPhoneSimulator.Build.0 = Debug|Any CPU
		{E2265C32-3ADE-49F9-AB3E-CB4A605ACFC5}.Debug|x64.ActiveCfg = Debug|Any CPU
		{E2265C32-3ADE-49F9-AB3E-CB4A605ACFC5}.Debug|x64.Build.0 = Debug|Any CPU
		{E2265C32-3ADE-49F9-AB3E-CB4A605ACFC5}.Debug|x86.ActiveCfg = Debug|Any CPU
		{E2265C32-3ADE-49F9-AB3E-CB4A605ACFC5}.Debug|x86.Build.0 = Debug|Any CPU
		{E2265C32-3ADE-49F9-AB3E-CB4A605ACFC5}.Release|Any CPU.ActiveCfg = Release|Any CPU
		{E2265C32-3ADE-49F9-AB3E-CB4A605ACFC5}.Release|Any CPU.Build.0 = Release|Any CPU
		{E2265C32-3ADE-49F9-AB3E-CB4A605ACFC5}.Release|ARM.ActiveCfg = Release|Any CPU
		{E2265C32-3ADE-49F9-AB3E-CB4A605ACFC5}.Release|ARM.Build.0 = Release|Any CPU
		{E2265C32-3ADE-49F9-AB3E-CB4A605ACFC5}.Release|iPhone.ActiveCfg = Release|Any CPU
		{E2265C32-3ADE-49F9-AB3E-CB4A605ACFC5}.Release|iPhone.Build.0 = Release|Any CPU
		{E2265C32-3ADE-49F9-AB3E-CB4A605ACFC5}.Release|iPhoneSimulator.ActiveCfg = Release|Any CPU
		{E2265C32-3ADE-49F9-AB3E-CB4A605ACFC5}.Release|iPhoneSimulator.Build.0 = Release|Any CPU
		{E2265C32-3ADE-49F9-AB3E-CB4A605ACFC5}.Release|x64.ActiveCfg = Release|Any CPU
		{E2265C32-3ADE-49F9-AB3E-CB4A605ACFC5}.Release|x64.Build.0 = Release|Any CPU
		{E2265C32-3ADE-49F9-AB3E-CB4A605ACFC5}.Release|x86.ActiveCfg = Release|Any CPU
		{E2265C32-3ADE-49F9-AB3E-CB4A605ACFC5}.Release|x86.Build.0 = Release|Any CPU
		{C4D264AD-AFDB-49D7-AD69-C8221AF69B94}.Ad-Hoc|Any CPU.ActiveCfg = Release|Any CPU
		{C4D264AD-AFDB-49D7-AD69-C8221AF69B94}.Ad-Hoc|Any CPU.Build.0 = Release|Any CPU
		{C4D264AD-AFDB-49D7-AD69-C8221AF69B94}.Ad-Hoc|ARM.ActiveCfg = Release|Any CPU
		{C4D264AD-AFDB-49D7-AD69-C8221AF69B94}.Ad-Hoc|ARM.Build.0 = Release|Any CPU
		{C4D264AD-AFDB-49D7-AD69-C8221AF69B94}.Ad-Hoc|iPhone.ActiveCfg = Release|Any CPU
		{C4D264AD-AFDB-49D7-AD69-C8221AF69B94}.Ad-Hoc|iPhone.Build.0 = Release|Any CPU
		{C4D264AD-AFDB-49D7-AD69-C8221AF69B94}.Ad-Hoc|iPhoneSimulator.ActiveCfg = Release|Any CPU
		{C4D264AD-AFDB-49D7-AD69-C8221AF69B94}.Ad-Hoc|iPhoneSimulator.Build.0 = Release|Any CPU
		{C4D264AD-AFDB-49D7-AD69-C8221AF69B94}.Ad-Hoc|x64.ActiveCfg = Release|Any CPU
		{C4D264AD-AFDB-49D7-AD69-C8221AF69B94}.Ad-Hoc|x64.Build.0 = Release|Any CPU
		{C4D264AD-AFDB-49D7-AD69-C8221AF69B94}.Ad-Hoc|x86.ActiveCfg = Release|Any CPU
		{C4D264AD-AFDB-49D7-AD69-C8221AF69B94}.Ad-Hoc|x86.Build.0 = Release|Any CPU
		{C4D264AD-AFDB-49D7-AD69-C8221AF69B94}.AppStore|Any CPU.ActiveCfg = Debug|Any CPU
		{C4D264AD-AFDB-49D7-AD69-C8221AF69B94}.AppStore|Any CPU.Build.0 = Debug|Any CPU
		{C4D264AD-AFDB-49D7-AD69-C8221AF69B94}.AppStore|ARM.ActiveCfg = Debug|Any CPU
		{C4D264AD-AFDB-49D7-AD69-C8221AF69B94}.AppStore|ARM.Build.0 = Debug|Any CPU
		{C4D264AD-AFDB-49D7-AD69-C8221AF69B94}.AppStore|iPhone.ActiveCfg = Release|Any CPU
		{C4D264AD-AFDB-49D7-AD69-C8221AF69B94}.AppStore|iPhone.Build.0 = Release|Any CPU
		{C4D264AD-AFDB-49D7-AD69-C8221AF69B94}.AppStore|iPhoneSimulator.ActiveCfg = Release|Any CPU
		{C4D264AD-AFDB-49D7-AD69-C8221AF69B94}.AppStore|iPhoneSimulator.Build.0 = Release|Any CPU
		{C4D264AD-AFDB-49D7-AD69-C8221AF69B94}.AppStore|x64.ActiveCfg = Debug|Any CPU
		{C4D264AD-AFDB-49D7-AD69-C8221AF69B94}.AppStore|x64.Build.0 = Debug|Any CPU
		{C4D264AD-AFDB-49D7-AD69-C8221AF69B94}.AppStore|x86.ActiveCfg = Debug|Any CPU
		{C4D264AD-AFDB-49D7-AD69-C8221AF69B94}.AppStore|x86.Build.0 = Debug|Any CPU
		{C4D264AD-AFDB-49D7-AD69-C8221AF69B94}.Debug|Any CPU.ActiveCfg = Debug|Any CPU
		{C4D264AD-AFDB-49D7-AD69-C8221AF69B94}.Debug|Any CPU.Build.0 = Debug|Any CPU
		{C4D264AD-AFDB-49D7-AD69-C8221AF69B94}.Debug|ARM.ActiveCfg = Debug|Any CPU
		{C4D264AD-AFDB-49D7-AD69-C8221AF69B94}.Debug|ARM.Build.0 = Debug|Any CPU
		{C4D264AD-AFDB-49D7-AD69-C8221AF69B94}.Debug|iPhone.ActiveCfg = Debug|Any CPU
		{C4D264AD-AFDB-49D7-AD69-C8221AF69B94}.Debug|iPhone.Build.0 = Debug|Any CPU
		{C4D264AD-AFDB-49D7-AD69-C8221AF69B94}.Debug|iPhoneSimulator.ActiveCfg = Debug|Any CPU
		{C4D264AD-AFDB-49D7-AD69-C8221AF69B94}.Debug|iPhoneSimulator.Build.0 = Debug|Any CPU
		{C4D264AD-AFDB-49D7-AD69-C8221AF69B94}.Debug|x64.ActiveCfg = Debug|Any CPU
		{C4D264AD-AFDB-49D7-AD69-C8221AF69B94}.Debug|x64.Build.0 = Debug|Any CPU
		{C4D264AD-AFDB-49D7-AD69-C8221AF69B94}.Debug|x86.ActiveCfg = Debug|Any CPU
		{C4D264AD-AFDB-49D7-AD69-C8221AF69B94}.Debug|x86.Build.0 = Debug|Any CPU
		{C4D264AD-AFDB-49D7-AD69-C8221AF69B94}.Release|Any CPU.ActiveCfg = Release|Any CPU
		{C4D264AD-AFDB-49D7-AD69-C8221AF69B94}.Release|Any CPU.Build.0 = Release|Any CPU
		{C4D264AD-AFDB-49D7-AD69-C8221AF69B94}.Release|ARM.ActiveCfg = Release|Any CPU
		{C4D264AD-AFDB-49D7-AD69-C8221AF69B94}.Release|ARM.Build.0 = Release|Any CPU
		{C4D264AD-AFDB-49D7-AD69-C8221AF69B94}.Release|iPhone.ActiveCfg = Release|Any CPU
		{C4D264AD-AFDB-49D7-AD69-C8221AF69B94}.Release|iPhone.Build.0 = Release|Any CPU
		{C4D264AD-AFDB-49D7-AD69-C8221AF69B94}.Release|iPhoneSimulator.ActiveCfg = Release|Any CPU
		{C4D264AD-AFDB-49D7-AD69-C8221AF69B94}.Release|iPhoneSimulator.Build.0 = Release|Any CPU
		{C4D264AD-AFDB-49D7-AD69-C8221AF69B94}.Release|x64.ActiveCfg = Release|Any CPU
		{C4D264AD-AFDB-49D7-AD69-C8221AF69B94}.Release|x64.Build.0 = Release|Any CPU
		{C4D264AD-AFDB-49D7-AD69-C8221AF69B94}.Release|x86.ActiveCfg = Release|Any CPU
		{C4D264AD-AFDB-49D7-AD69-C8221AF69B94}.Release|x86.Build.0 = Release|Any CPU
		{1AD38B2C-D296-4345-8BCE-B44F42AFF5C1}.Ad-Hoc|Any CPU.ActiveCfg = Release|Any CPU
		{1AD38B2C-D296-4345-8BCE-B44F42AFF5C1}.Ad-Hoc|Any CPU.Build.0 = Release|Any CPU
		{1AD38B2C-D296-4345-8BCE-B44F42AFF5C1}.Ad-Hoc|ARM.ActiveCfg = Release|Any CPU
		{1AD38B2C-D296-4345-8BCE-B44F42AFF5C1}.Ad-Hoc|ARM.Build.0 = Release|Any CPU
		{1AD38B2C-D296-4345-8BCE-B44F42AFF5C1}.Ad-Hoc|iPhone.ActiveCfg = Release|Any CPU
		{1AD38B2C-D296-4345-8BCE-B44F42AFF5C1}.Ad-Hoc|iPhone.Build.0 = Release|Any CPU
		{1AD38B2C-D296-4345-8BCE-B44F42AFF5C1}.Ad-Hoc|iPhoneSimulator.ActiveCfg = Release|Any CPU
		{1AD38B2C-D296-4345-8BCE-B44F42AFF5C1}.Ad-Hoc|iPhoneSimulator.Build.0 = Release|Any CPU
		{1AD38B2C-D296-4345-8BCE-B44F42AFF5C1}.Ad-Hoc|x64.ActiveCfg = Release|Any CPU
		{1AD38B2C-D296-4345-8BCE-B44F42AFF5C1}.Ad-Hoc|x64.Build.0 = Release|Any CPU
		{1AD38B2C-D296-4345-8BCE-B44F42AFF5C1}.Ad-Hoc|x86.ActiveCfg = Release|Any CPU
		{1AD38B2C-D296-4345-8BCE-B44F42AFF5C1}.Ad-Hoc|x86.Build.0 = Release|Any CPU
		{1AD38B2C-D296-4345-8BCE-B44F42AFF5C1}.AppStore|Any CPU.ActiveCfg = Debug|Any CPU
		{1AD38B2C-D296-4345-8BCE-B44F42AFF5C1}.AppStore|Any CPU.Build.0 = Debug|Any CPU
		{1AD38B2C-D296-4345-8BCE-B44F42AFF5C1}.AppStore|ARM.ActiveCfg = Debug|Any CPU
		{1AD38B2C-D296-4345-8BCE-B44F42AFF5C1}.AppStore|ARM.Build.0 = Debug|Any CPU
		{1AD38B2C-D296-4345-8BCE-B44F42AFF5C1}.AppStore|iPhone.ActiveCfg = Release|Any CPU
		{1AD38B2C-D296-4345-8BCE-B44F42AFF5C1}.AppStore|iPhone.Build.0 = Release|Any CPU
		{1AD38B2C-D296-4345-8BCE-B44F42AFF5C1}.AppStore|iPhoneSimulator.ActiveCfg = Release|Any CPU
		{1AD38B2C-D296-4345-8BCE-B44F42AFF5C1}.AppStore|iPhoneSimulator.Build.0 = Release|Any CPU
		{1AD38B2C-D296-4345-8BCE-B44F42AFF5C1}.AppStore|x64.ActiveCfg = Debug|Any CPU
		{1AD38B2C-D296-4345-8BCE-B44F42AFF5C1}.AppStore|x64.Build.0 = Debug|Any CPU
		{1AD38B2C-D296-4345-8BCE-B44F42AFF5C1}.AppStore|x86.ActiveCfg = Debug|Any CPU
		{1AD38B2C-D296-4345-8BCE-B44F42AFF5C1}.AppStore|x86.Build.0 = Debug|Any CPU
		{1AD38B2C-D296-4345-8BCE-B44F42AFF5C1}.Debug|Any CPU.ActiveCfg = Debug|Any CPU
		{1AD38B2C-D296-4345-8BCE-B44F42AFF5C1}.Debug|Any CPU.Build.0 = Debug|Any CPU
		{1AD38B2C-D296-4345-8BCE-B44F42AFF5C1}.Debug|ARM.ActiveCfg = Debug|Any CPU
		{1AD38B2C-D296-4345-8BCE-B44F42AFF5C1}.Debug|ARM.Build.0 = Debug|Any CPU
		{1AD38B2C-D296-4345-8BCE-B44F42AFF5C1}.Debug|iPhone.ActiveCfg = Debug|Any CPU
		{1AD38B2C-D296-4345-8BCE-B44F42AFF5C1}.Debug|iPhone.Build.0 = Debug|Any CPU
		{1AD38B2C-D296-4345-8BCE-B44F42AFF5C1}.Debug|iPhoneSimulator.ActiveCfg = Debug|Any CPU
		{1AD38B2C-D296-4345-8BCE-B44F42AFF5C1}.Debug|iPhoneSimulator.Build.0 = Debug|Any CPU
		{1AD38B2C-D296-4345-8BCE-B44F42AFF5C1}.Debug|x64.ActiveCfg = Debug|Any CPU
		{1AD38B2C-D296-4345-8BCE-B44F42AFF5C1}.Debug|x64.Build.0 = Debug|Any CPU
		{1AD38B2C-D296-4345-8BCE-B44F42AFF5C1}.Debug|x86.ActiveCfg = Debug|Any CPU
		{1AD38B2C-D296-4345-8BCE-B44F42AFF5C1}.Debug|x86.Build.0 = Debug|Any CPU
		{1AD38B2C-D296-4345-8BCE-B44F42AFF5C1}.Release|Any CPU.ActiveCfg = Release|Any CPU
		{1AD38B2C-D296-4345-8BCE-B44F42AFF5C1}.Release|Any CPU.Build.0 = Release|Any CPU
		{1AD38B2C-D296-4345-8BCE-B44F42AFF5C1}.Release|ARM.ActiveCfg = Release|Any CPU
		{1AD38B2C-D296-4345-8BCE-B44F42AFF5C1}.Release|ARM.Build.0 = Release|Any CPU
		{1AD38B2C-D296-4345-8BCE-B44F42AFF5C1}.Release|iPhone.ActiveCfg = Release|Any CPU
		{1AD38B2C-D296-4345-8BCE-B44F42AFF5C1}.Release|iPhone.Build.0 = Release|Any CPU
		{1AD38B2C-D296-4345-8BCE-B44F42AFF5C1}.Release|iPhoneSimulator.ActiveCfg = Release|Any CPU
		{1AD38B2C-D296-4345-8BCE-B44F42AFF5C1}.Release|iPhoneSimulator.Build.0 = Release|Any CPU
		{1AD38B2C-D296-4345-8BCE-B44F42AFF5C1}.Release|x64.ActiveCfg = Release|Any CPU
		{1AD38B2C-D296-4345-8BCE-B44F42AFF5C1}.Release|x64.Build.0 = Release|Any CPU
		{1AD38B2C-D296-4345-8BCE-B44F42AFF5C1}.Release|x86.ActiveCfg = Release|Any CPU
		{1AD38B2C-D296-4345-8BCE-B44F42AFF5C1}.Release|x86.Build.0 = Release|Any CPU
		{EEF40825-DA7E-4768-8296-060616A839C2}.Ad-Hoc|Any CPU.ActiveCfg = Debug|Any CPU
		{EEF40825-DA7E-4768-8296-060616A839C2}.Ad-Hoc|Any CPU.Build.0 = Debug|Any CPU
		{EEF40825-DA7E-4768-8296-060616A839C2}.Ad-Hoc|ARM.ActiveCfg = Debug|Any CPU
		{EEF40825-DA7E-4768-8296-060616A839C2}.Ad-Hoc|ARM.Build.0 = Debug|Any CPU
		{EEF40825-DA7E-4768-8296-060616A839C2}.Ad-Hoc|iPhone.ActiveCfg = Debug|Any CPU
		{EEF40825-DA7E-4768-8296-060616A839C2}.Ad-Hoc|iPhone.Build.0 = Debug|Any CPU
		{EEF40825-DA7E-4768-8296-060616A839C2}.Ad-Hoc|iPhoneSimulator.ActiveCfg = Debug|Any CPU
		{EEF40825-DA7E-4768-8296-060616A839C2}.Ad-Hoc|iPhoneSimulator.Build.0 = Debug|Any CPU
		{EEF40825-DA7E-4768-8296-060616A839C2}.Ad-Hoc|x64.ActiveCfg = Debug|Any CPU
		{EEF40825-DA7E-4768-8296-060616A839C2}.Ad-Hoc|x64.Build.0 = Debug|Any CPU
		{EEF40825-DA7E-4768-8296-060616A839C2}.Ad-Hoc|x86.ActiveCfg = Debug|Any CPU
		{EEF40825-DA7E-4768-8296-060616A839C2}.Ad-Hoc|x86.Build.0 = Debug|Any CPU
		{EEF40825-DA7E-4768-8296-060616A839C2}.AppStore|Any CPU.ActiveCfg = Release|Any CPU
		{EEF40825-DA7E-4768-8296-060616A839C2}.AppStore|Any CPU.Build.0 = Release|Any CPU
		{EEF40825-DA7E-4768-8296-060616A839C2}.AppStore|ARM.ActiveCfg = Release|Any CPU
		{EEF40825-DA7E-4768-8296-060616A839C2}.AppStore|ARM.Build.0 = Release|Any CPU
		{EEF40825-DA7E-4768-8296-060616A839C2}.AppStore|iPhone.ActiveCfg = Debug|Any CPU
		{EEF40825-DA7E-4768-8296-060616A839C2}.AppStore|iPhone.Build.0 = Debug|Any CPU
		{EEF40825-DA7E-4768-8296-060616A839C2}.AppStore|iPhoneSimulator.ActiveCfg = Debug|Any CPU
		{EEF40825-DA7E-4768-8296-060616A839C2}.AppStore|iPhoneSimulator.Build.0 = Debug|Any CPU
		{EEF40825-DA7E-4768-8296-060616A839C2}.AppStore|x64.ActiveCfg = Release|Any CPU
		{EEF40825-DA7E-4768-8296-060616A839C2}.AppStore|x64.Build.0 = Release|Any CPU
		{EEF40825-DA7E-4768-8296-060616A839C2}.AppStore|x86.ActiveCfg = Release|Any CPU
		{EEF40825-DA7E-4768-8296-060616A839C2}.AppStore|x86.Build.0 = Release|Any CPU
		{EEF40825-DA7E-4768-8296-060616A839C2}.Debug|Any CPU.ActiveCfg = Debug|Any CPU
		{EEF40825-DA7E-4768-8296-060616A839C2}.Debug|Any CPU.Build.0 = Debug|Any CPU
		{EEF40825-DA7E-4768-8296-060616A839C2}.Debug|ARM.ActiveCfg = Debug|Any CPU
		{EEF40825-DA7E-4768-8296-060616A839C2}.Debug|ARM.Build.0 = Debug|Any CPU
		{EEF40825-DA7E-4768-8296-060616A839C2}.Debug|iPhone.ActiveCfg = Debug|Any CPU
		{EEF40825-DA7E-4768-8296-060616A839C2}.Debug|iPhone.Build.0 = Debug|Any CPU
		{EEF40825-DA7E-4768-8296-060616A839C2}.Debug|iPhoneSimulator.ActiveCfg = Debug|Any CPU
		{EEF40825-DA7E-4768-8296-060616A839C2}.Debug|iPhoneSimulator.Build.0 = Debug|Any CPU
		{EEF40825-DA7E-4768-8296-060616A839C2}.Debug|x64.ActiveCfg = Debug|Any CPU
		{EEF40825-DA7E-4768-8296-060616A839C2}.Debug|x64.Build.0 = Debug|Any CPU
		{EEF40825-DA7E-4768-8296-060616A839C2}.Debug|x86.ActiveCfg = Debug|Any CPU
		{EEF40825-DA7E-4768-8296-060616A839C2}.Debug|x86.Build.0 = Debug|Any CPU
		{EEF40825-DA7E-4768-8296-060616A839C2}.Release|Any CPU.ActiveCfg = Release|Any CPU
		{EEF40825-DA7E-4768-8296-060616A839C2}.Release|Any CPU.Build.0 = Release|Any CPU
		{EEF40825-DA7E-4768-8296-060616A839C2}.Release|ARM.ActiveCfg = Release|Any CPU
		{EEF40825-DA7E-4768-8296-060616A839C2}.Release|ARM.Build.0 = Release|Any CPU
		{EEF40825-DA7E-4768-8296-060616A839C2}.Release|iPhone.ActiveCfg = Release|Any CPU
		{EEF40825-DA7E-4768-8296-060616A839C2}.Release|iPhone.Build.0 = Release|Any CPU
		{EEF40825-DA7E-4768-8296-060616A839C2}.Release|iPhoneSimulator.ActiveCfg = Release|Any CPU
		{EEF40825-DA7E-4768-8296-060616A839C2}.Release|iPhoneSimulator.Build.0 = Release|Any CPU
		{EEF40825-DA7E-4768-8296-060616A839C2}.Release|x64.ActiveCfg = Release|Any CPU
		{EEF40825-DA7E-4768-8296-060616A839C2}.Release|x64.Build.0 = Release|Any CPU
		{EEF40825-DA7E-4768-8296-060616A839C2}.Release|x86.ActiveCfg = Release|Any CPU
		{EEF40825-DA7E-4768-8296-060616A839C2}.Release|x86.Build.0 = Release|Any CPU
		{81EEA812-C16E-4EC7-A0B5-DC5C53AC1569}.Ad-Hoc|Any CPU.ActiveCfg = Debug|Any CPU
		{81EEA812-C16E-4EC7-A0B5-DC5C53AC1569}.Ad-Hoc|Any CPU.Build.0 = Debug|Any CPU
		{81EEA812-C16E-4EC7-A0B5-DC5C53AC1569}.Ad-Hoc|ARM.ActiveCfg = Debug|Any CPU
		{81EEA812-C16E-4EC7-A0B5-DC5C53AC1569}.Ad-Hoc|ARM.Build.0 = Debug|Any CPU
		{81EEA812-C16E-4EC7-A0B5-DC5C53AC1569}.Ad-Hoc|iPhone.ActiveCfg = Debug|Any CPU
		{81EEA812-C16E-4EC7-A0B5-DC5C53AC1569}.Ad-Hoc|iPhone.Build.0 = Debug|Any CPU
		{81EEA812-C16E-4EC7-A0B5-DC5C53AC1569}.Ad-Hoc|iPhoneSimulator.ActiveCfg = Debug|Any CPU
		{81EEA812-C16E-4EC7-A0B5-DC5C53AC1569}.Ad-Hoc|iPhoneSimulator.Build.0 = Debug|Any CPU
		{81EEA812-C16E-4EC7-A0B5-DC5C53AC1569}.Ad-Hoc|x64.ActiveCfg = Debug|Any CPU
		{81EEA812-C16E-4EC7-A0B5-DC5C53AC1569}.Ad-Hoc|x64.Build.0 = Debug|Any CPU
		{81EEA812-C16E-4EC7-A0B5-DC5C53AC1569}.Ad-Hoc|x86.ActiveCfg = Debug|Any CPU
		{81EEA812-C16E-4EC7-A0B5-DC5C53AC1569}.Ad-Hoc|x86.Build.0 = Debug|Any CPU
		{81EEA812-C16E-4EC7-A0B5-DC5C53AC1569}.AppStore|Any CPU.ActiveCfg = Debug|Any CPU
		{81EEA812-C16E-4EC7-A0B5-DC5C53AC1569}.AppStore|Any CPU.Build.0 = Debug|Any CPU
		{81EEA812-C16E-4EC7-A0B5-DC5C53AC1569}.AppStore|ARM.ActiveCfg = Debug|Any CPU
		{81EEA812-C16E-4EC7-A0B5-DC5C53AC1569}.AppStore|ARM.Build.0 = Debug|Any CPU
		{81EEA812-C16E-4EC7-A0B5-DC5C53AC1569}.AppStore|iPhone.ActiveCfg = Debug|Any CPU
		{81EEA812-C16E-4EC7-A0B5-DC5C53AC1569}.AppStore|iPhone.Build.0 = Debug|Any CPU
		{81EEA812-C16E-4EC7-A0B5-DC5C53AC1569}.AppStore|iPhoneSimulator.ActiveCfg = Debug|Any CPU
		{81EEA812-C16E-4EC7-A0B5-DC5C53AC1569}.AppStore|iPhoneSimulator.Build.0 = Debug|Any CPU
		{81EEA812-C16E-4EC7-A0B5-DC5C53AC1569}.AppStore|x64.ActiveCfg = Debug|Any CPU
		{81EEA812-C16E-4EC7-A0B5-DC5C53AC1569}.AppStore|x64.Build.0 = Debug|Any CPU
		{81EEA812-C16E-4EC7-A0B5-DC5C53AC1569}.AppStore|x86.ActiveCfg = Debug|Any CPU
		{81EEA812-C16E-4EC7-A0B5-DC5C53AC1569}.AppStore|x86.Build.0 = Debug|Any CPU
		{81EEA812-C16E-4EC7-A0B5-DC5C53AC1569}.Debug|Any CPU.ActiveCfg = Debug|Any CPU
		{81EEA812-C16E-4EC7-A0B5-DC5C53AC1569}.Debug|Any CPU.Build.0 = Debug|Any CPU
		{81EEA812-C16E-4EC7-A0B5-DC5C53AC1569}.Debug|ARM.ActiveCfg = Debug|Any CPU
		{81EEA812-C16E-4EC7-A0B5-DC5C53AC1569}.Debug|ARM.Build.0 = Debug|Any CPU
		{81EEA812-C16E-4EC7-A0B5-DC5C53AC1569}.Debug|iPhone.ActiveCfg = Debug|Any CPU
		{81EEA812-C16E-4EC7-A0B5-DC5C53AC1569}.Debug|iPhone.Build.0 = Debug|Any CPU
		{81EEA812-C16E-4EC7-A0B5-DC5C53AC1569}.Debug|iPhoneSimulator.ActiveCfg = Debug|Any CPU
		{81EEA812-C16E-4EC7-A0B5-DC5C53AC1569}.Debug|iPhoneSimulator.Build.0 = Debug|Any CPU
		{81EEA812-C16E-4EC7-A0B5-DC5C53AC1569}.Debug|x64.ActiveCfg = Debug|Any CPU
		{81EEA812-C16E-4EC7-A0B5-DC5C53AC1569}.Debug|x64.Build.0 = Debug|Any CPU
		{81EEA812-C16E-4EC7-A0B5-DC5C53AC1569}.Debug|x86.ActiveCfg = Debug|Any CPU
		{81EEA812-C16E-4EC7-A0B5-DC5C53AC1569}.Debug|x86.Build.0 = Debug|Any CPU
		{81EEA812-C16E-4EC7-A0B5-DC5C53AC1569}.Release|Any CPU.ActiveCfg = Release|Any CPU
		{81EEA812-C16E-4EC7-A0B5-DC5C53AC1569}.Release|Any CPU.Build.0 = Release|Any CPU
		{81EEA812-C16E-4EC7-A0B5-DC5C53AC1569}.Release|ARM.ActiveCfg = Release|Any CPU
		{81EEA812-C16E-4EC7-A0B5-DC5C53AC1569}.Release|ARM.Build.0 = Release|Any CPU
		{81EEA812-C16E-4EC7-A0B5-DC5C53AC1569}.Release|iPhone.ActiveCfg = Release|Any CPU
		{81EEA812-C16E-4EC7-A0B5-DC5C53AC1569}.Release|iPhone.Build.0 = Release|Any CPU
		{81EEA812-C16E-4EC7-A0B5-DC5C53AC1569}.Release|iPhoneSimulator.ActiveCfg = Release|Any CPU
		{81EEA812-C16E-4EC7-A0B5-DC5C53AC1569}.Release|iPhoneSimulator.Build.0 = Release|Any CPU
		{81EEA812-C16E-4EC7-A0B5-DC5C53AC1569}.Release|x64.ActiveCfg = Release|Any CPU
		{81EEA812-C16E-4EC7-A0B5-DC5C53AC1569}.Release|x64.Build.0 = Release|Any CPU
		{81EEA812-C16E-4EC7-A0B5-DC5C53AC1569}.Release|x86.ActiveCfg = Release|Any CPU
		{81EEA812-C16E-4EC7-A0B5-DC5C53AC1569}.Release|x86.Build.0 = Release|Any CPU
		{6345A226-9F9D-4E87-BFBA-B878B4BF99AE}.Ad-Hoc|Any CPU.ActiveCfg = Ad-Hoc|iPhone
		{6345A226-9F9D-4E87-BFBA-B878B4BF99AE}.Ad-Hoc|ARM.ActiveCfg = Ad-Hoc|iPhone
		{6345A226-9F9D-4E87-BFBA-B878B4BF99AE}.Ad-Hoc|iPhone.ActiveCfg = Ad-Hoc|iPhone
		{6345A226-9F9D-4E87-BFBA-B878B4BF99AE}.Ad-Hoc|iPhone.Build.0 = Ad-Hoc|iPhone
		{6345A226-9F9D-4E87-BFBA-B878B4BF99AE}.Ad-Hoc|iPhoneSimulator.ActiveCfg = Ad-Hoc|iPhoneSimulator
		{6345A226-9F9D-4E87-BFBA-B878B4BF99AE}.Ad-Hoc|iPhoneSimulator.Build.0 = Ad-Hoc|iPhoneSimulator
		{6345A226-9F9D-4E87-BFBA-B878B4BF99AE}.Ad-Hoc|x64.ActiveCfg = Ad-Hoc|iPhone
		{6345A226-9F9D-4E87-BFBA-B878B4BF99AE}.Ad-Hoc|x86.ActiveCfg = Ad-Hoc|iPhone
		{6345A226-9F9D-4E87-BFBA-B878B4BF99AE}.AppStore|Any CPU.ActiveCfg = AppStore|iPhone
		{6345A226-9F9D-4E87-BFBA-B878B4BF99AE}.AppStore|ARM.ActiveCfg = AppStore|iPhone
		{6345A226-9F9D-4E87-BFBA-B878B4BF99AE}.AppStore|iPhone.ActiveCfg = AppStore|iPhone
		{6345A226-9F9D-4E87-BFBA-B878B4BF99AE}.AppStore|iPhone.Build.0 = AppStore|iPhone
		{6345A226-9F9D-4E87-BFBA-B878B4BF99AE}.AppStore|iPhoneSimulator.ActiveCfg = AppStore|iPhoneSimulator
		{6345A226-9F9D-4E87-BFBA-B878B4BF99AE}.AppStore|iPhoneSimulator.Build.0 = AppStore|iPhoneSimulator
		{6345A226-9F9D-4E87-BFBA-B878B4BF99AE}.AppStore|x64.ActiveCfg = AppStore|iPhone
		{6345A226-9F9D-4E87-BFBA-B878B4BF99AE}.AppStore|x86.ActiveCfg = AppStore|iPhone
		{6345A226-9F9D-4E87-BFBA-B878B4BF99AE}.Debug|Any CPU.ActiveCfg = Debug|iPhone
		{6345A226-9F9D-4E87-BFBA-B878B4BF99AE}.Debug|ARM.ActiveCfg = Debug|iPhone
		{6345A226-9F9D-4E87-BFBA-B878B4BF99AE}.Debug|iPhone.ActiveCfg = Debug|iPhone
		{6345A226-9F9D-4E87-BFBA-B878B4BF99AE}.Debug|iPhone.Build.0 = Debug|iPhone
		{6345A226-9F9D-4E87-BFBA-B878B4BF99AE}.Debug|iPhoneSimulator.ActiveCfg = Debug|iPhoneSimulator
		{6345A226-9F9D-4E87-BFBA-B878B4BF99AE}.Debug|iPhoneSimulator.Build.0 = Debug|iPhoneSimulator
		{6345A226-9F9D-4E87-BFBA-B878B4BF99AE}.Debug|x64.ActiveCfg = Debug|iPhone
		{6345A226-9F9D-4E87-BFBA-B878B4BF99AE}.Debug|x86.ActiveCfg = Debug|iPhone
		{6345A226-9F9D-4E87-BFBA-B878B4BF99AE}.Release|Any CPU.ActiveCfg = Release|iPhone
		{6345A226-9F9D-4E87-BFBA-B878B4BF99AE}.Release|ARM.ActiveCfg = Release|iPhone
		{6345A226-9F9D-4E87-BFBA-B878B4BF99AE}.Release|iPhone.ActiveCfg = Release|iPhone
		{6345A226-9F9D-4E87-BFBA-B878B4BF99AE}.Release|iPhone.Build.0 = Release|iPhone
		{6345A226-9F9D-4E87-BFBA-B878B4BF99AE}.Release|iPhoneSimulator.ActiveCfg = Release|iPhoneSimulator
		{6345A226-9F9D-4E87-BFBA-B878B4BF99AE}.Release|iPhoneSimulator.Build.0 = Release|iPhoneSimulator
		{6345A226-9F9D-4E87-BFBA-B878B4BF99AE}.Release|x64.ActiveCfg = Release|iPhone
		{6345A226-9F9D-4E87-BFBA-B878B4BF99AE}.Release|x86.ActiveCfg = Release|iPhone
		{93A94F03-05AC-4306-B2A6-194925B2BDA5}.Ad-Hoc|Any CPU.ActiveCfg = Release|Any CPU
		{93A94F03-05AC-4306-B2A6-194925B2BDA5}.Ad-Hoc|Any CPU.Build.0 = Release|Any CPU
		{93A94F03-05AC-4306-B2A6-194925B2BDA5}.Ad-Hoc|ARM.ActiveCfg = Release|Any CPU
		{93A94F03-05AC-4306-B2A6-194925B2BDA5}.Ad-Hoc|ARM.Build.0 = Release|Any CPU
		{93A94F03-05AC-4306-B2A6-194925B2BDA5}.Ad-Hoc|iPhone.ActiveCfg = Release|Any CPU
		{93A94F03-05AC-4306-B2A6-194925B2BDA5}.Ad-Hoc|iPhone.Build.0 = Release|Any CPU
		{93A94F03-05AC-4306-B2A6-194925B2BDA5}.Ad-Hoc|iPhoneSimulator.ActiveCfg = Release|Any CPU
		{93A94F03-05AC-4306-B2A6-194925B2BDA5}.Ad-Hoc|iPhoneSimulator.Build.0 = Release|Any CPU
		{93A94F03-05AC-4306-B2A6-194925B2BDA5}.Ad-Hoc|x64.ActiveCfg = Release|Any CPU
		{93A94F03-05AC-4306-B2A6-194925B2BDA5}.Ad-Hoc|x64.Build.0 = Release|Any CPU
		{93A94F03-05AC-4306-B2A6-194925B2BDA5}.Ad-Hoc|x86.ActiveCfg = Release|Any CPU
		{93A94F03-05AC-4306-B2A6-194925B2BDA5}.Ad-Hoc|x86.Build.0 = Release|Any CPU
		{93A94F03-05AC-4306-B2A6-194925B2BDA5}.AppStore|Any CPU.ActiveCfg = Release|Any CPU
		{93A94F03-05AC-4306-B2A6-194925B2BDA5}.AppStore|Any CPU.Build.0 = Release|Any CPU
		{93A94F03-05AC-4306-B2A6-194925B2BDA5}.AppStore|ARM.ActiveCfg = Release|Any CPU
		{93A94F03-05AC-4306-B2A6-194925B2BDA5}.AppStore|ARM.Build.0 = Release|Any CPU
		{93A94F03-05AC-4306-B2A6-194925B2BDA5}.AppStore|iPhone.ActiveCfg = Release|Any CPU
		{93A94F03-05AC-4306-B2A6-194925B2BDA5}.AppStore|iPhone.Build.0 = Release|Any CPU
		{93A94F03-05AC-4306-B2A6-194925B2BDA5}.AppStore|iPhoneSimulator.ActiveCfg = Release|Any CPU
		{93A94F03-05AC-4306-B2A6-194925B2BDA5}.AppStore|iPhoneSimulator.Build.0 = Release|Any CPU
		{93A94F03-05AC-4306-B2A6-194925B2BDA5}.AppStore|x64.ActiveCfg = Release|Any CPU
		{93A94F03-05AC-4306-B2A6-194925B2BDA5}.AppStore|x64.Build.0 = Release|Any CPU
		{93A94F03-05AC-4306-B2A6-194925B2BDA5}.AppStore|x86.ActiveCfg = Release|Any CPU
		{93A94F03-05AC-4306-B2A6-194925B2BDA5}.AppStore|x86.Build.0 = Release|Any CPU
		{93A94F03-05AC-4306-B2A6-194925B2BDA5}.Debug|Any CPU.ActiveCfg = Debug|Any CPU
		{93A94F03-05AC-4306-B2A6-194925B2BDA5}.Debug|Any CPU.Build.0 = Debug|Any CPU
		{93A94F03-05AC-4306-B2A6-194925B2BDA5}.Debug|ARM.ActiveCfg = Debug|Any CPU
		{93A94F03-05AC-4306-B2A6-194925B2BDA5}.Debug|ARM.Build.0 = Debug|Any CPU
		{93A94F03-05AC-4306-B2A6-194925B2BDA5}.Debug|iPhone.ActiveCfg = Debug|Any CPU
		{93A94F03-05AC-4306-B2A6-194925B2BDA5}.Debug|iPhone.Build.0 = Debug|Any CPU
		{93A94F03-05AC-4306-B2A6-194925B2BDA5}.Debug|iPhoneSimulator.ActiveCfg = Debug|Any CPU
		{93A94F03-05AC-4306-B2A6-194925B2BDA5}.Debug|iPhoneSimulator.Build.0 = Debug|Any CPU
		{93A94F03-05AC-4306-B2A6-194925B2BDA5}.Debug|x64.ActiveCfg = Debug|Any CPU
		{93A94F03-05AC-4306-B2A6-194925B2BDA5}.Debug|x64.Build.0 = Debug|Any CPU
		{93A94F03-05AC-4306-B2A6-194925B2BDA5}.Debug|x86.ActiveCfg = Debug|Any CPU
		{93A94F03-05AC-4306-B2A6-194925B2BDA5}.Debug|x86.Build.0 = Debug|Any CPU
		{93A94F03-05AC-4306-B2A6-194925B2BDA5}.Release|Any CPU.ActiveCfg = Release|Any CPU
		{93A94F03-05AC-4306-B2A6-194925B2BDA5}.Release|Any CPU.Build.0 = Release|Any CPU
		{93A94F03-05AC-4306-B2A6-194925B2BDA5}.Release|ARM.ActiveCfg = Release|Any CPU
		{93A94F03-05AC-4306-B2A6-194925B2BDA5}.Release|ARM.Build.0 = Release|Any CPU
		{93A94F03-05AC-4306-B2A6-194925B2BDA5}.Release|iPhone.ActiveCfg = Release|Any CPU
		{93A94F03-05AC-4306-B2A6-194925B2BDA5}.Release|iPhone.Build.0 = Release|Any CPU
		{93A94F03-05AC-4306-B2A6-194925B2BDA5}.Release|iPhoneSimulator.ActiveCfg = Release|Any CPU
		{93A94F03-05AC-4306-B2A6-194925B2BDA5}.Release|iPhoneSimulator.Build.0 = Release|Any CPU
		{93A94F03-05AC-4306-B2A6-194925B2BDA5}.Release|x64.ActiveCfg = Release|Any CPU
		{93A94F03-05AC-4306-B2A6-194925B2BDA5}.Release|x64.Build.0 = Release|Any CPU
		{93A94F03-05AC-4306-B2A6-194925B2BDA5}.Release|x86.ActiveCfg = Release|Any CPU
		{93A94F03-05AC-4306-B2A6-194925B2BDA5}.Release|x86.Build.0 = Release|Any CPU
		{4966C3AD-6948-4424-B1DD-4AD82B3D281D}.Ad-Hoc|Any CPU.ActiveCfg = Release|Any CPU
		{4966C3AD-6948-4424-B1DD-4AD82B3D281D}.Ad-Hoc|Any CPU.Build.0 = Release|Any CPU
		{4966C3AD-6948-4424-B1DD-4AD82B3D281D}.Ad-Hoc|ARM.ActiveCfg = Release|Any CPU
		{4966C3AD-6948-4424-B1DD-4AD82B3D281D}.Ad-Hoc|ARM.Build.0 = Release|Any CPU
		{4966C3AD-6948-4424-B1DD-4AD82B3D281D}.Ad-Hoc|iPhone.ActiveCfg = Release|Any CPU
		{4966C3AD-6948-4424-B1DD-4AD82B3D281D}.Ad-Hoc|iPhone.Build.0 = Release|Any CPU
		{4966C3AD-6948-4424-B1DD-4AD82B3D281D}.Ad-Hoc|iPhoneSimulator.ActiveCfg = Release|Any CPU
		{4966C3AD-6948-4424-B1DD-4AD82B3D281D}.Ad-Hoc|iPhoneSimulator.Build.0 = Release|Any CPU
		{4966C3AD-6948-4424-B1DD-4AD82B3D281D}.Ad-Hoc|x64.ActiveCfg = Release|Any CPU
		{4966C3AD-6948-4424-B1DD-4AD82B3D281D}.Ad-Hoc|x64.Build.0 = Release|Any CPU
		{4966C3AD-6948-4424-B1DD-4AD82B3D281D}.Ad-Hoc|x86.ActiveCfg = Release|Any CPU
		{4966C3AD-6948-4424-B1DD-4AD82B3D281D}.Ad-Hoc|x86.Build.0 = Release|Any CPU
		{4966C3AD-6948-4424-B1DD-4AD82B3D281D}.AppStore|Any CPU.ActiveCfg = Debug|Any CPU
		{4966C3AD-6948-4424-B1DD-4AD82B3D281D}.AppStore|Any CPU.Build.0 = Debug|Any CPU
		{4966C3AD-6948-4424-B1DD-4AD82B3D281D}.AppStore|ARM.ActiveCfg = Debug|Any CPU
		{4966C3AD-6948-4424-B1DD-4AD82B3D281D}.AppStore|ARM.Build.0 = Debug|Any CPU
		{4966C3AD-6948-4424-B1DD-4AD82B3D281D}.AppStore|iPhone.ActiveCfg = Release|Any CPU
		{4966C3AD-6948-4424-B1DD-4AD82B3D281D}.AppStore|iPhone.Build.0 = Release|Any CPU
		{4966C3AD-6948-4424-B1DD-4AD82B3D281D}.AppStore|iPhoneSimulator.ActiveCfg = Release|Any CPU
		{4966C3AD-6948-4424-B1DD-4AD82B3D281D}.AppStore|iPhoneSimulator.Build.0 = Release|Any CPU
		{4966C3AD-6948-4424-B1DD-4AD82B3D281D}.AppStore|x64.ActiveCfg = Debug|Any CPU
		{4966C3AD-6948-4424-B1DD-4AD82B3D281D}.AppStore|x64.Build.0 = Debug|Any CPU
		{4966C3AD-6948-4424-B1DD-4AD82B3D281D}.AppStore|x86.ActiveCfg = Debug|Any CPU
		{4966C3AD-6948-4424-B1DD-4AD82B3D281D}.AppStore|x86.Build.0 = Debug|Any CPU
		{4966C3AD-6948-4424-B1DD-4AD82B3D281D}.Debug|Any CPU.ActiveCfg = Debug|Any CPU
		{4966C3AD-6948-4424-B1DD-4AD82B3D281D}.Debug|Any CPU.Build.0 = Debug|Any CPU
		{4966C3AD-6948-4424-B1DD-4AD82B3D281D}.Debug|ARM.ActiveCfg = Debug|Any CPU
		{4966C3AD-6948-4424-B1DD-4AD82B3D281D}.Debug|ARM.Build.0 = Debug|Any CPU
		{4966C3AD-6948-4424-B1DD-4AD82B3D281D}.Debug|iPhone.ActiveCfg = Debug|Any CPU
		{4966C3AD-6948-4424-B1DD-4AD82B3D281D}.Debug|iPhone.Build.0 = Debug|Any CPU
		{4966C3AD-6948-4424-B1DD-4AD82B3D281D}.Debug|iPhoneSimulator.ActiveCfg = Debug|Any CPU
		{4966C3AD-6948-4424-B1DD-4AD82B3D281D}.Debug|iPhoneSimulator.Build.0 = Debug|Any CPU
		{4966C3AD-6948-4424-B1DD-4AD82B3D281D}.Debug|x64.ActiveCfg = Debug|Any CPU
		{4966C3AD-6948-4424-B1DD-4AD82B3D281D}.Debug|x64.Build.0 = Debug|Any CPU
		{4966C3AD-6948-4424-B1DD-4AD82B3D281D}.Debug|x86.ActiveCfg = Debug|Any CPU
		{4966C3AD-6948-4424-B1DD-4AD82B3D281D}.Debug|x86.Build.0 = Debug|Any CPU
		{4966C3AD-6948-4424-B1DD-4AD82B3D281D}.Release|Any CPU.ActiveCfg = Release|Any CPU
		{4966C3AD-6948-4424-B1DD-4AD82B3D281D}.Release|Any CPU.Build.0 = Release|Any CPU
		{4966C3AD-6948-4424-B1DD-4AD82B3D281D}.Release|ARM.ActiveCfg = Release|Any CPU
		{4966C3AD-6948-4424-B1DD-4AD82B3D281D}.Release|ARM.Build.0 = Release|Any CPU
		{4966C3AD-6948-4424-B1DD-4AD82B3D281D}.Release|iPhone.ActiveCfg = Release|Any CPU
		{4966C3AD-6948-4424-B1DD-4AD82B3D281D}.Release|iPhone.Build.0 = Release|Any CPU
		{4966C3AD-6948-4424-B1DD-4AD82B3D281D}.Release|iPhoneSimulator.ActiveCfg = Release|Any CPU
		{4966C3AD-6948-4424-B1DD-4AD82B3D281D}.Release|iPhoneSimulator.Build.0 = Release|Any CPU
		{4966C3AD-6948-4424-B1DD-4AD82B3D281D}.Release|x64.ActiveCfg = Release|Any CPU
		{4966C3AD-6948-4424-B1DD-4AD82B3D281D}.Release|x64.Build.0 = Release|Any CPU
		{4966C3AD-6948-4424-B1DD-4AD82B3D281D}.Release|x86.ActiveCfg = Release|Any CPU
		{4966C3AD-6948-4424-B1DD-4AD82B3D281D}.Release|x86.Build.0 = Release|Any CPU
		{88F25D9F-282F-4A1D-B164-CD5C765A418A}.Ad-Hoc|Any CPU.ActiveCfg = Release|x64
		{88F25D9F-282F-4A1D-B164-CD5C765A418A}.Ad-Hoc|Any CPU.Build.0 = Release|x64
		{88F25D9F-282F-4A1D-B164-CD5C765A418A}.Ad-Hoc|Any CPU.Deploy.0 = Release|x64
		{88F25D9F-282F-4A1D-B164-CD5C765A418A}.Ad-Hoc|ARM.ActiveCfg = Release|ARM
		{88F25D9F-282F-4A1D-B164-CD5C765A418A}.Ad-Hoc|ARM.Build.0 = Release|ARM
		{88F25D9F-282F-4A1D-B164-CD5C765A418A}.Ad-Hoc|ARM.Deploy.0 = Release|ARM
		{88F25D9F-282F-4A1D-B164-CD5C765A418A}.Ad-Hoc|iPhone.ActiveCfg = Release|x64
		{88F25D9F-282F-4A1D-B164-CD5C765A418A}.Ad-Hoc|iPhone.Build.0 = Release|x64
		{88F25D9F-282F-4A1D-B164-CD5C765A418A}.Ad-Hoc|iPhone.Deploy.0 = Release|x64
		{88F25D9F-282F-4A1D-B164-CD5C765A418A}.Ad-Hoc|iPhoneSimulator.ActiveCfg = Release|x64
		{88F25D9F-282F-4A1D-B164-CD5C765A418A}.Ad-Hoc|iPhoneSimulator.Build.0 = Release|x64
		{88F25D9F-282F-4A1D-B164-CD5C765A418A}.Ad-Hoc|iPhoneSimulator.Deploy.0 = Release|x64
		{88F25D9F-282F-4A1D-B164-CD5C765A418A}.Ad-Hoc|x64.ActiveCfg = Release|x64
		{88F25D9F-282F-4A1D-B164-CD5C765A418A}.Ad-Hoc|x64.Build.0 = Release|x64
		{88F25D9F-282F-4A1D-B164-CD5C765A418A}.Ad-Hoc|x64.Deploy.0 = Release|x64
		{88F25D9F-282F-4A1D-B164-CD5C765A418A}.Ad-Hoc|x86.ActiveCfg = Release|x86
		{88F25D9F-282F-4A1D-B164-CD5C765A418A}.Ad-Hoc|x86.Build.0 = Release|x86
		{88F25D9F-282F-4A1D-B164-CD5C765A418A}.Ad-Hoc|x86.Deploy.0 = Release|x86
		{88F25D9F-282F-4A1D-B164-CD5C765A418A}.AppStore|Any CPU.ActiveCfg = Release|x64
		{88F25D9F-282F-4A1D-B164-CD5C765A418A}.AppStore|Any CPU.Build.0 = Release|x64
		{88F25D9F-282F-4A1D-B164-CD5C765A418A}.AppStore|Any CPU.Deploy.0 = Release|x64
		{88F25D9F-282F-4A1D-B164-CD5C765A418A}.AppStore|ARM.ActiveCfg = Release|ARM
		{88F25D9F-282F-4A1D-B164-CD5C765A418A}.AppStore|ARM.Build.0 = Release|ARM
		{88F25D9F-282F-4A1D-B164-CD5C765A418A}.AppStore|ARM.Deploy.0 = Release|ARM
		{88F25D9F-282F-4A1D-B164-CD5C765A418A}.AppStore|iPhone.ActiveCfg = Release|x64
		{88F25D9F-282F-4A1D-B164-CD5C765A418A}.AppStore|iPhone.Build.0 = Release|x64
		{88F25D9F-282F-4A1D-B164-CD5C765A418A}.AppStore|iPhone.Deploy.0 = Release|x64
		{88F25D9F-282F-4A1D-B164-CD5C765A418A}.AppStore|iPhoneSimulator.ActiveCfg = Release|x64
		{88F25D9F-282F-4A1D-B164-CD5C765A418A}.AppStore|iPhoneSimulator.Build.0 = Release|x64
		{88F25D9F-282F-4A1D-B164-CD5C765A418A}.AppStore|iPhoneSimulator.Deploy.0 = Release|x64
		{88F25D9F-282F-4A1D-B164-CD5C765A418A}.AppStore|x64.ActiveCfg = Release|x64
		{88F25D9F-282F-4A1D-B164-CD5C765A418A}.AppStore|x64.Build.0 = Release|x64
		{88F25D9F-282F-4A1D-B164-CD5C765A418A}.AppStore|x64.Deploy.0 = Release|x64
		{88F25D9F-282F-4A1D-B164-CD5C765A418A}.AppStore|x86.ActiveCfg = Release|x86
		{88F25D9F-282F-4A1D-B164-CD5C765A418A}.AppStore|x86.Build.0 = Release|x86
		{88F25D9F-282F-4A1D-B164-CD5C765A418A}.AppStore|x86.Deploy.0 = Release|x86
		{88F25D9F-282F-4A1D-B164-CD5C765A418A}.Debug|Any CPU.ActiveCfg = Debug|x86
		{88F25D9F-282F-4A1D-B164-CD5C765A418A}.Debug|ARM.ActiveCfg = Debug|ARM
		{88F25D9F-282F-4A1D-B164-CD5C765A418A}.Debug|ARM.Build.0 = Debug|ARM
		{88F25D9F-282F-4A1D-B164-CD5C765A418A}.Debug|ARM.Deploy.0 = Debug|ARM
		{88F25D9F-282F-4A1D-B164-CD5C765A418A}.Debug|iPhone.ActiveCfg = Debug|x86
		{88F25D9F-282F-4A1D-B164-CD5C765A418A}.Debug|iPhoneSimulator.ActiveCfg = Debug|x86
		{88F25D9F-282F-4A1D-B164-CD5C765A418A}.Debug|x64.ActiveCfg = Debug|x64
		{88F25D9F-282F-4A1D-B164-CD5C765A418A}.Debug|x64.Build.0 = Debug|x64
		{88F25D9F-282F-4A1D-B164-CD5C765A418A}.Debug|x64.Deploy.0 = Debug|x64
		{88F25D9F-282F-4A1D-B164-CD5C765A418A}.Debug|x86.ActiveCfg = Debug|x86
		{88F25D9F-282F-4A1D-B164-CD5C765A418A}.Debug|x86.Build.0 = Debug|x86
		{88F25D9F-282F-4A1D-B164-CD5C765A418A}.Debug|x86.Deploy.0 = Debug|x86
		{88F25D9F-282F-4A1D-B164-CD5C765A418A}.Release|Any CPU.ActiveCfg = Release|x86
		{88F25D9F-282F-4A1D-B164-CD5C765A418A}.Release|ARM.ActiveCfg = Release|ARM
		{88F25D9F-282F-4A1D-B164-CD5C765A418A}.Release|ARM.Build.0 = Release|ARM
		{88F25D9F-282F-4A1D-B164-CD5C765A418A}.Release|ARM.Deploy.0 = Release|ARM
		{88F25D9F-282F-4A1D-B164-CD5C765A418A}.Release|iPhone.ActiveCfg = Release|x86
		{88F25D9F-282F-4A1D-B164-CD5C765A418A}.Release|iPhoneSimulator.ActiveCfg = Release|x86
		{88F25D9F-282F-4A1D-B164-CD5C765A418A}.Release|x64.ActiveCfg = Release|x64
		{88F25D9F-282F-4A1D-B164-CD5C765A418A}.Release|x64.Build.0 = Release|x64
		{88F25D9F-282F-4A1D-B164-CD5C765A418A}.Release|x64.Deploy.0 = Release|x64
		{88F25D9F-282F-4A1D-B164-CD5C765A418A}.Release|x86.ActiveCfg = Release|x86
		{88F25D9F-282F-4A1D-B164-CD5C765A418A}.Release|x86.Build.0 = Release|x86
		{88F25D9F-282F-4A1D-B164-CD5C765A418A}.Release|x86.Deploy.0 = Release|x86
		{65A67927-7C6F-4BD6-978A-FF115E7254D3}.Ad-Hoc|Any CPU.ActiveCfg = Release|Any CPU
		{65A67927-7C6F-4BD6-978A-FF115E7254D3}.Ad-Hoc|Any CPU.Build.0 = Release|Any CPU
		{65A67927-7C6F-4BD6-978A-FF115E7254D3}.Ad-Hoc|ARM.ActiveCfg = Release|Any CPU
		{65A67927-7C6F-4BD6-978A-FF115E7254D3}.Ad-Hoc|ARM.Build.0 = Release|Any CPU
		{65A67927-7C6F-4BD6-978A-FF115E7254D3}.Ad-Hoc|iPhone.ActiveCfg = Release|Any CPU
		{65A67927-7C6F-4BD6-978A-FF115E7254D3}.Ad-Hoc|iPhone.Build.0 = Release|Any CPU
		{65A67927-7C6F-4BD6-978A-FF115E7254D3}.Ad-Hoc|iPhoneSimulator.ActiveCfg = Release|Any CPU
		{65A67927-7C6F-4BD6-978A-FF115E7254D3}.Ad-Hoc|iPhoneSimulator.Build.0 = Release|Any CPU
		{65A67927-7C6F-4BD6-978A-FF115E7254D3}.Ad-Hoc|x64.ActiveCfg = Release|Any CPU
		{65A67927-7C6F-4BD6-978A-FF115E7254D3}.Ad-Hoc|x64.Build.0 = Release|Any CPU
		{65A67927-7C6F-4BD6-978A-FF115E7254D3}.Ad-Hoc|x86.ActiveCfg = Release|Any CPU
		{65A67927-7C6F-4BD6-978A-FF115E7254D3}.Ad-Hoc|x86.Build.0 = Release|Any CPU
		{65A67927-7C6F-4BD6-978A-FF115E7254D3}.AppStore|Any CPU.ActiveCfg = Release|Any CPU
		{65A67927-7C6F-4BD6-978A-FF115E7254D3}.AppStore|Any CPU.Build.0 = Release|Any CPU
		{65A67927-7C6F-4BD6-978A-FF115E7254D3}.AppStore|ARM.ActiveCfg = Release|Any CPU
		{65A67927-7C6F-4BD6-978A-FF115E7254D3}.AppStore|ARM.Build.0 = Release|Any CPU
		{65A67927-7C6F-4BD6-978A-FF115E7254D3}.AppStore|iPhone.ActiveCfg = Release|Any CPU
		{65A67927-7C6F-4BD6-978A-FF115E7254D3}.AppStore|iPhone.Build.0 = Release|Any CPU
		{65A67927-7C6F-4BD6-978A-FF115E7254D3}.AppStore|iPhoneSimulator.ActiveCfg = Release|Any CPU
		{65A67927-7C6F-4BD6-978A-FF115E7254D3}.AppStore|iPhoneSimulator.Build.0 = Release|Any CPU
		{65A67927-7C6F-4BD6-978A-FF115E7254D3}.AppStore|x64.ActiveCfg = Release|Any CPU
		{65A67927-7C6F-4BD6-978A-FF115E7254D3}.AppStore|x64.Build.0 = Release|Any CPU
		{65A67927-7C6F-4BD6-978A-FF115E7254D3}.AppStore|x86.ActiveCfg = Release|Any CPU
		{65A67927-7C6F-4BD6-978A-FF115E7254D3}.AppStore|x86.Build.0 = Release|Any CPU
		{65A67927-7C6F-4BD6-978A-FF115E7254D3}.Debug|Any CPU.ActiveCfg = Debug|Any CPU
		{65A67927-7C6F-4BD6-978A-FF115E7254D3}.Debug|Any CPU.Build.0 = Debug|Any CPU
		{65A67927-7C6F-4BD6-978A-FF115E7254D3}.Debug|ARM.ActiveCfg = Debug|Any CPU
		{65A67927-7C6F-4BD6-978A-FF115E7254D3}.Debug|ARM.Build.0 = Debug|Any CPU
		{65A67927-7C6F-4BD6-978A-FF115E7254D3}.Debug|iPhone.ActiveCfg = Debug|Any CPU
		{65A67927-7C6F-4BD6-978A-FF115E7254D3}.Debug|iPhone.Build.0 = Debug|Any CPU
		{65A67927-7C6F-4BD6-978A-FF115E7254D3}.Debug|iPhoneSimulator.ActiveCfg = Debug|Any CPU
		{65A67927-7C6F-4BD6-978A-FF115E7254D3}.Debug|iPhoneSimulator.Build.0 = Debug|Any CPU
		{65A67927-7C6F-4BD6-978A-FF115E7254D3}.Debug|x64.ActiveCfg = Debug|Any CPU
		{65A67927-7C6F-4BD6-978A-FF115E7254D3}.Debug|x64.Build.0 = Debug|Any CPU
		{65A67927-7C6F-4BD6-978A-FF115E7254D3}.Debug|x86.ActiveCfg = Debug|Any CPU
		{65A67927-7C6F-4BD6-978A-FF115E7254D3}.Debug|x86.Build.0 = Debug|Any CPU
		{65A67927-7C6F-4BD6-978A-FF115E7254D3}.Release|Any CPU.ActiveCfg = Release|Any CPU
		{65A67927-7C6F-4BD6-978A-FF115E7254D3}.Release|Any CPU.Build.0 = Release|Any CPU
		{65A67927-7C6F-4BD6-978A-FF115E7254D3}.Release|ARM.ActiveCfg = Release|Any CPU
		{65A67927-7C6F-4BD6-978A-FF115E7254D3}.Release|ARM.Build.0 = Release|Any CPU
		{65A67927-7C6F-4BD6-978A-FF115E7254D3}.Release|iPhone.ActiveCfg = Release|Any CPU
		{65A67927-7C6F-4BD6-978A-FF115E7254D3}.Release|iPhone.Build.0 = Release|Any CPU
		{65A67927-7C6F-4BD6-978A-FF115E7254D3}.Release|iPhoneSimulator.ActiveCfg = Release|Any CPU
		{65A67927-7C6F-4BD6-978A-FF115E7254D3}.Release|iPhoneSimulator.Build.0 = Release|Any CPU
		{65A67927-7C6F-4BD6-978A-FF115E7254D3}.Release|x64.ActiveCfg = Release|Any CPU
		{65A67927-7C6F-4BD6-978A-FF115E7254D3}.Release|x64.Build.0 = Release|Any CPU
		{65A67927-7C6F-4BD6-978A-FF115E7254D3}.Release|x86.ActiveCfg = Release|Any CPU
		{65A67927-7C6F-4BD6-978A-FF115E7254D3}.Release|x86.Build.0 = Release|Any CPU
		{5628C148-20D9-4CC7-B6AD-617B18DC4EE0}.Ad-Hoc|Any CPU.ActiveCfg = Release|Any CPU
		{5628C148-20D9-4CC7-B6AD-617B18DC4EE0}.Ad-Hoc|Any CPU.Build.0 = Release|Any CPU
		{5628C148-20D9-4CC7-B6AD-617B18DC4EE0}.Ad-Hoc|Any CPU.Deploy.0 = Release|Any CPU
		{5628C148-20D9-4CC7-B6AD-617B18DC4EE0}.Ad-Hoc|ARM.ActiveCfg = Release|Any CPU
		{5628C148-20D9-4CC7-B6AD-617B18DC4EE0}.Ad-Hoc|ARM.Build.0 = Release|Any CPU
		{5628C148-20D9-4CC7-B6AD-617B18DC4EE0}.Ad-Hoc|ARM.Deploy.0 = Release|Any CPU
		{5628C148-20D9-4CC7-B6AD-617B18DC4EE0}.Ad-Hoc|iPhone.ActiveCfg = Release|Any CPU
		{5628C148-20D9-4CC7-B6AD-617B18DC4EE0}.Ad-Hoc|iPhone.Build.0 = Release|Any CPU
		{5628C148-20D9-4CC7-B6AD-617B18DC4EE0}.Ad-Hoc|iPhone.Deploy.0 = Release|Any CPU
		{5628C148-20D9-4CC7-B6AD-617B18DC4EE0}.Ad-Hoc|iPhoneSimulator.ActiveCfg = Release|Any CPU
		{5628C148-20D9-4CC7-B6AD-617B18DC4EE0}.Ad-Hoc|iPhoneSimulator.Build.0 = Release|Any CPU
		{5628C148-20D9-4CC7-B6AD-617B18DC4EE0}.Ad-Hoc|iPhoneSimulator.Deploy.0 = Release|Any CPU
		{5628C148-20D9-4CC7-B6AD-617B18DC4EE0}.Ad-Hoc|x64.ActiveCfg = Release|Any CPU
		{5628C148-20D9-4CC7-B6AD-617B18DC4EE0}.Ad-Hoc|x64.Build.0 = Release|Any CPU
		{5628C148-20D9-4CC7-B6AD-617B18DC4EE0}.Ad-Hoc|x64.Deploy.0 = Release|Any CPU
		{5628C148-20D9-4CC7-B6AD-617B18DC4EE0}.Ad-Hoc|x86.ActiveCfg = Release|Any CPU
		{5628C148-20D9-4CC7-B6AD-617B18DC4EE0}.Ad-Hoc|x86.Build.0 = Release|Any CPU
		{5628C148-20D9-4CC7-B6AD-617B18DC4EE0}.Ad-Hoc|x86.Deploy.0 = Release|Any CPU
		{5628C148-20D9-4CC7-B6AD-617B18DC4EE0}.AppStore|Any CPU.ActiveCfg = Release|Any CPU
		{5628C148-20D9-4CC7-B6AD-617B18DC4EE0}.AppStore|Any CPU.Build.0 = Release|Any CPU
		{5628C148-20D9-4CC7-B6AD-617B18DC4EE0}.AppStore|Any CPU.Deploy.0 = Release|Any CPU
		{5628C148-20D9-4CC7-B6AD-617B18DC4EE0}.AppStore|ARM.ActiveCfg = Release|Any CPU
		{5628C148-20D9-4CC7-B6AD-617B18DC4EE0}.AppStore|ARM.Build.0 = Release|Any CPU
		{5628C148-20D9-4CC7-B6AD-617B18DC4EE0}.AppStore|ARM.Deploy.0 = Release|Any CPU
		{5628C148-20D9-4CC7-B6AD-617B18DC4EE0}.AppStore|iPhone.ActiveCfg = Release|Any CPU
		{5628C148-20D9-4CC7-B6AD-617B18DC4EE0}.AppStore|iPhone.Build.0 = Release|Any CPU
		{5628C148-20D9-4CC7-B6AD-617B18DC4EE0}.AppStore|iPhone.Deploy.0 = Release|Any CPU
		{5628C148-20D9-4CC7-B6AD-617B18DC4EE0}.AppStore|iPhoneSimulator.ActiveCfg = Release|Any CPU
		{5628C148-20D9-4CC7-B6AD-617B18DC4EE0}.AppStore|iPhoneSimulator.Build.0 = Release|Any CPU
		{5628C148-20D9-4CC7-B6AD-617B18DC4EE0}.AppStore|iPhoneSimulator.Deploy.0 = Release|Any CPU
		{5628C148-20D9-4CC7-B6AD-617B18DC4EE0}.AppStore|x64.ActiveCfg = Release|Any CPU
		{5628C148-20D9-4CC7-B6AD-617B18DC4EE0}.AppStore|x64.Build.0 = Release|Any CPU
		{5628C148-20D9-4CC7-B6AD-617B18DC4EE0}.AppStore|x64.Deploy.0 = Release|Any CPU
		{5628C148-20D9-4CC7-B6AD-617B18DC4EE0}.AppStore|x86.ActiveCfg = Release|Any CPU
		{5628C148-20D9-4CC7-B6AD-617B18DC4EE0}.AppStore|x86.Build.0 = Release|Any CPU
		{5628C148-20D9-4CC7-B6AD-617B18DC4EE0}.AppStore|x86.Deploy.0 = Release|Any CPU
		{5628C148-20D9-4CC7-B6AD-617B18DC4EE0}.Debug|Any CPU.ActiveCfg = Debug|Any CPU
		{5628C148-20D9-4CC7-B6AD-617B18DC4EE0}.Debug|Any CPU.Build.0 = Debug|Any CPU
		{5628C148-20D9-4CC7-B6AD-617B18DC4EE0}.Debug|Any CPU.Deploy.0 = Debug|Any CPU
		{5628C148-20D9-4CC7-B6AD-617B18DC4EE0}.Debug|ARM.ActiveCfg = Debug|Any CPU
		{5628C148-20D9-4CC7-B6AD-617B18DC4EE0}.Debug|ARM.Build.0 = Debug|Any CPU
		{5628C148-20D9-4CC7-B6AD-617B18DC4EE0}.Debug|ARM.Deploy.0 = Debug|Any CPU
		{5628C148-20D9-4CC7-B6AD-617B18DC4EE0}.Debug|iPhone.ActiveCfg = Debug|Any CPU
		{5628C148-20D9-4CC7-B6AD-617B18DC4EE0}.Debug|iPhone.Build.0 = Debug|Any CPU
		{5628C148-20D9-4CC7-B6AD-617B18DC4EE0}.Debug|iPhone.Deploy.0 = Debug|Any CPU
		{5628C148-20D9-4CC7-B6AD-617B18DC4EE0}.Debug|iPhoneSimulator.ActiveCfg = Debug|Any CPU
		{5628C148-20D9-4CC7-B6AD-617B18DC4EE0}.Debug|iPhoneSimulator.Build.0 = Debug|Any CPU
		{5628C148-20D9-4CC7-B6AD-617B18DC4EE0}.Debug|iPhoneSimulator.Deploy.0 = Debug|Any CPU
		{5628C148-20D9-4CC7-B6AD-617B18DC4EE0}.Debug|x64.ActiveCfg = Debug|Any CPU
		{5628C148-20D9-4CC7-B6AD-617B18DC4EE0}.Debug|x64.Build.0 = Debug|Any CPU
		{5628C148-20D9-4CC7-B6AD-617B18DC4EE0}.Debug|x64.Deploy.0 = Debug|Any CPU
		{5628C148-20D9-4CC7-B6AD-617B18DC4EE0}.Debug|x86.ActiveCfg = Debug|Any CPU
		{5628C148-20D9-4CC7-B6AD-617B18DC4EE0}.Debug|x86.Build.0 = Debug|Any CPU
		{5628C148-20D9-4CC7-B6AD-617B18DC4EE0}.Debug|x86.Deploy.0 = Debug|Any CPU
		{5628C148-20D9-4CC7-B6AD-617B18DC4EE0}.Release|Any CPU.ActiveCfg = Release|Any CPU
		{5628C148-20D9-4CC7-B6AD-617B18DC4EE0}.Release|Any CPU.Build.0 = Release|Any CPU
		{5628C148-20D9-4CC7-B6AD-617B18DC4EE0}.Release|Any CPU.Deploy.0 = Release|Any CPU
		{5628C148-20D9-4CC7-B6AD-617B18DC4EE0}.Release|ARM.ActiveCfg = Release|Any CPU
		{5628C148-20D9-4CC7-B6AD-617B18DC4EE0}.Release|ARM.Build.0 = Release|Any CPU
		{5628C148-20D9-4CC7-B6AD-617B18DC4EE0}.Release|ARM.Deploy.0 = Release|Any CPU
		{5628C148-20D9-4CC7-B6AD-617B18DC4EE0}.Release|iPhone.ActiveCfg = Release|Any CPU
		{5628C148-20D9-4CC7-B6AD-617B18DC4EE0}.Release|iPhone.Build.0 = Release|Any CPU
		{5628C148-20D9-4CC7-B6AD-617B18DC4EE0}.Release|iPhone.Deploy.0 = Release|Any CPU
		{5628C148-20D9-4CC7-B6AD-617B18DC4EE0}.Release|iPhoneSimulator.ActiveCfg = Release|Any CPU
		{5628C148-20D9-4CC7-B6AD-617B18DC4EE0}.Release|iPhoneSimulator.Build.0 = Release|Any CPU
		{5628C148-20D9-4CC7-B6AD-617B18DC4EE0}.Release|iPhoneSimulator.Deploy.0 = Release|Any CPU
		{5628C148-20D9-4CC7-B6AD-617B18DC4EE0}.Release|x64.ActiveCfg = Release|Any CPU
		{5628C148-20D9-4CC7-B6AD-617B18DC4EE0}.Release|x64.Build.0 = Release|Any CPU
		{5628C148-20D9-4CC7-B6AD-617B18DC4EE0}.Release|x64.Deploy.0 = Release|Any CPU
		{5628C148-20D9-4CC7-B6AD-617B18DC4EE0}.Release|x86.ActiveCfg = Release|Any CPU
		{5628C148-20D9-4CC7-B6AD-617B18DC4EE0}.Release|x86.Build.0 = Release|Any CPU
		{5628C148-20D9-4CC7-B6AD-617B18DC4EE0}.Release|x86.Deploy.0 = Release|Any CPU
		{D1EE9925-54D9-4943-803D-E5C46430C7F9}.Ad-Hoc|Any CPU.ActiveCfg = Debug|Any CPU
		{D1EE9925-54D9-4943-803D-E5C46430C7F9}.Ad-Hoc|Any CPU.Build.0 = Debug|Any CPU
		{D1EE9925-54D9-4943-803D-E5C46430C7F9}.Ad-Hoc|ARM.ActiveCfg = Debug|ARM
		{D1EE9925-54D9-4943-803D-E5C46430C7F9}.Ad-Hoc|ARM.Build.0 = Debug|ARM
		{D1EE9925-54D9-4943-803D-E5C46430C7F9}.Ad-Hoc|iPhone.ActiveCfg = Debug|Any CPU
		{D1EE9925-54D9-4943-803D-E5C46430C7F9}.Ad-Hoc|iPhone.Build.0 = Debug|Any CPU
		{D1EE9925-54D9-4943-803D-E5C46430C7F9}.Ad-Hoc|iPhoneSimulator.ActiveCfg = Debug|Any CPU
		{D1EE9925-54D9-4943-803D-E5C46430C7F9}.Ad-Hoc|iPhoneSimulator.Build.0 = Debug|Any CPU
		{D1EE9925-54D9-4943-803D-E5C46430C7F9}.Ad-Hoc|x64.ActiveCfg = Debug|x64
		{D1EE9925-54D9-4943-803D-E5C46430C7F9}.Ad-Hoc|x64.Build.0 = Debug|x64
		{D1EE9925-54D9-4943-803D-E5C46430C7F9}.Ad-Hoc|x86.ActiveCfg = Debug|x86
		{D1EE9925-54D9-4943-803D-E5C46430C7F9}.Ad-Hoc|x86.Build.0 = Debug|x86
		{D1EE9925-54D9-4943-803D-E5C46430C7F9}.AppStore|Any CPU.ActiveCfg = Release|Any CPU
		{D1EE9925-54D9-4943-803D-E5C46430C7F9}.AppStore|Any CPU.Build.0 = Release|Any CPU
		{D1EE9925-54D9-4943-803D-E5C46430C7F9}.AppStore|ARM.ActiveCfg = Release|ARM
		{D1EE9925-54D9-4943-803D-E5C46430C7F9}.AppStore|ARM.Build.0 = Release|ARM
		{D1EE9925-54D9-4943-803D-E5C46430C7F9}.AppStore|iPhone.ActiveCfg = Debug|Any CPU
		{D1EE9925-54D9-4943-803D-E5C46430C7F9}.AppStore|iPhone.Build.0 = Debug|Any CPU
		{D1EE9925-54D9-4943-803D-E5C46430C7F9}.AppStore|iPhoneSimulator.ActiveCfg = Debug|Any CPU
		{D1EE9925-54D9-4943-803D-E5C46430C7F9}.AppStore|iPhoneSimulator.Build.0 = Debug|Any CPU
		{D1EE9925-54D9-4943-803D-E5C46430C7F9}.AppStore|x64.ActiveCfg = Release|x64
		{D1EE9925-54D9-4943-803D-E5C46430C7F9}.AppStore|x64.Build.0 = Release|x64
		{D1EE9925-54D9-4943-803D-E5C46430C7F9}.AppStore|x86.ActiveCfg = Release|x86
		{D1EE9925-54D9-4943-803D-E5C46430C7F9}.AppStore|x86.Build.0 = Release|x86
		{D1EE9925-54D9-4943-803D-E5C46430C7F9}.Debug|Any CPU.ActiveCfg = Debug|Any CPU
		{D1EE9925-54D9-4943-803D-E5C46430C7F9}.Debug|Any CPU.Build.0 = Debug|Any CPU
		{D1EE9925-54D9-4943-803D-E5C46430C7F9}.Debug|ARM.ActiveCfg = Debug|ARM
		{D1EE9925-54D9-4943-803D-E5C46430C7F9}.Debug|ARM.Build.0 = Debug|ARM
		{D1EE9925-54D9-4943-803D-E5C46430C7F9}.Debug|iPhone.ActiveCfg = Debug|Any CPU
		{D1EE9925-54D9-4943-803D-E5C46430C7F9}.Debug|iPhone.Build.0 = Debug|Any CPU
		{D1EE9925-54D9-4943-803D-E5C46430C7F9}.Debug|iPhoneSimulator.ActiveCfg = Debug|Any CPU
		{D1EE9925-54D9-4943-803D-E5C46430C7F9}.Debug|iPhoneSimulator.Build.0 = Debug|Any CPU
		{D1EE9925-54D9-4943-803D-E5C46430C7F9}.Debug|x64.ActiveCfg = Debug|x64
		{D1EE9925-54D9-4943-803D-E5C46430C7F9}.Debug|x64.Build.0 = Debug|x64
		{D1EE9925-54D9-4943-803D-E5C46430C7F9}.Debug|x86.ActiveCfg = Debug|x86
		{D1EE9925-54D9-4943-803D-E5C46430C7F9}.Debug|x86.Build.0 = Debug|x86
		{D1EE9925-54D9-4943-803D-E5C46430C7F9}.Release|Any CPU.ActiveCfg = Release|Any CPU
		{D1EE9925-54D9-4943-803D-E5C46430C7F9}.Release|Any CPU.Build.0 = Release|Any CPU
		{D1EE9925-54D9-4943-803D-E5C46430C7F9}.Release|ARM.ActiveCfg = Release|ARM
		{D1EE9925-54D9-4943-803D-E5C46430C7F9}.Release|ARM.Build.0 = Release|ARM
		{D1EE9925-54D9-4943-803D-E5C46430C7F9}.Release|iPhone.ActiveCfg = Release|Any CPU
		{D1EE9925-54D9-4943-803D-E5C46430C7F9}.Release|iPhone.Build.0 = Release|Any CPU
		{D1EE9925-54D9-4943-803D-E5C46430C7F9}.Release|iPhoneSimulator.ActiveCfg = Release|Any CPU
		{D1EE9925-54D9-4943-803D-E5C46430C7F9}.Release|iPhoneSimulator.Build.0 = Release|Any CPU
		{D1EE9925-54D9-4943-803D-E5C46430C7F9}.Release|x64.ActiveCfg = Release|x64
		{D1EE9925-54D9-4943-803D-E5C46430C7F9}.Release|x64.Build.0 = Release|x64
		{D1EE9925-54D9-4943-803D-E5C46430C7F9}.Release|x86.ActiveCfg = Release|x86
		{D1EE9925-54D9-4943-803D-E5C46430C7F9}.Release|x86.Build.0 = Release|x86
		{8A7B3A62-E143-437D-98AC-D30FA44707A1}.Ad-Hoc|Any CPU.ActiveCfg = Debug|Any CPU
		{8A7B3A62-E143-437D-98AC-D30FA44707A1}.Ad-Hoc|Any CPU.Build.0 = Debug|Any CPU
		{8A7B3A62-E143-437D-98AC-D30FA44707A1}.Ad-Hoc|ARM.ActiveCfg = Debug|Any CPU
		{8A7B3A62-E143-437D-98AC-D30FA44707A1}.Ad-Hoc|ARM.Build.0 = Debug|Any CPU
		{8A7B3A62-E143-437D-98AC-D30FA44707A1}.Ad-Hoc|iPhone.ActiveCfg = Debug|Any CPU
		{8A7B3A62-E143-437D-98AC-D30FA44707A1}.Ad-Hoc|iPhone.Build.0 = Debug|Any CPU
		{8A7B3A62-E143-437D-98AC-D30FA44707A1}.Ad-Hoc|iPhoneSimulator.ActiveCfg = Debug|Any CPU
		{8A7B3A62-E143-437D-98AC-D30FA44707A1}.Ad-Hoc|iPhoneSimulator.Build.0 = Debug|Any CPU
		{8A7B3A62-E143-437D-98AC-D30FA44707A1}.Ad-Hoc|x64.ActiveCfg = Debug|Any CPU
		{8A7B3A62-E143-437D-98AC-D30FA44707A1}.Ad-Hoc|x64.Build.0 = Debug|Any CPU
		{8A7B3A62-E143-437D-98AC-D30FA44707A1}.Ad-Hoc|x86.ActiveCfg = Debug|Any CPU
		{8A7B3A62-E143-437D-98AC-D30FA44707A1}.Ad-Hoc|x86.Build.0 = Debug|Any CPU
		{8A7B3A62-E143-437D-98AC-D30FA44707A1}.AppStore|Any CPU.ActiveCfg = Release|Any CPU
		{8A7B3A62-E143-437D-98AC-D30FA44707A1}.AppStore|Any CPU.Build.0 = Release|Any CPU
		{8A7B3A62-E143-437D-98AC-D30FA44707A1}.AppStore|ARM.ActiveCfg = Release|Any CPU
		{8A7B3A62-E143-437D-98AC-D30FA44707A1}.AppStore|ARM.Build.0 = Release|Any CPU
		{8A7B3A62-E143-437D-98AC-D30FA44707A1}.AppStore|iPhone.ActiveCfg = Debug|Any CPU
		{8A7B3A62-E143-437D-98AC-D30FA44707A1}.AppStore|iPhone.Build.0 = Debug|Any CPU
		{8A7B3A62-E143-437D-98AC-D30FA44707A1}.AppStore|iPhoneSimulator.ActiveCfg = Debug|Any CPU
		{8A7B3A62-E143-437D-98AC-D30FA44707A1}.AppStore|iPhoneSimulator.Build.0 = Debug|Any CPU
		{8A7B3A62-E143-437D-98AC-D30FA44707A1}.AppStore|x64.ActiveCfg = Release|Any CPU
		{8A7B3A62-E143-437D-98AC-D30FA44707A1}.AppStore|x64.Build.0 = Release|Any CPU
		{8A7B3A62-E143-437D-98AC-D30FA44707A1}.AppStore|x86.ActiveCfg = Release|Any CPU
		{8A7B3A62-E143-437D-98AC-D30FA44707A1}.AppStore|x86.Build.0 = Release|Any CPU
		{8A7B3A62-E143-437D-98AC-D30FA44707A1}.Debug|Any CPU.ActiveCfg = Debug|Any CPU
		{8A7B3A62-E143-437D-98AC-D30FA44707A1}.Debug|Any CPU.Build.0 = Debug|Any CPU
		{8A7B3A62-E143-437D-98AC-D30FA44707A1}.Debug|ARM.ActiveCfg = Debug|Any CPU
		{8A7B3A62-E143-437D-98AC-D30FA44707A1}.Debug|ARM.Build.0 = Debug|Any CPU
		{8A7B3A62-E143-437D-98AC-D30FA44707A1}.Debug|iPhone.ActiveCfg = Debug|Any CPU
		{8A7B3A62-E143-437D-98AC-D30FA44707A1}.Debug|iPhone.Build.0 = Debug|Any CPU
		{8A7B3A62-E143-437D-98AC-D30FA44707A1}.Debug|iPhoneSimulator.ActiveCfg = Debug|Any CPU
		{8A7B3A62-E143-437D-98AC-D30FA44707A1}.Debug|iPhoneSimulator.Build.0 = Debug|Any CPU
		{8A7B3A62-E143-437D-98AC-D30FA44707A1}.Debug|x64.ActiveCfg = Debug|Any CPU
		{8A7B3A62-E143-437D-98AC-D30FA44707A1}.Debug|x64.Build.0 = Debug|Any CPU
		{8A7B3A62-E143-437D-98AC-D30FA44707A1}.Debug|x86.ActiveCfg = Debug|Any CPU
		{8A7B3A62-E143-437D-98AC-D30FA44707A1}.Debug|x86.Build.0 = Debug|Any CPU
		{8A7B3A62-E143-437D-98AC-D30FA44707A1}.Release|Any CPU.ActiveCfg = Release|Any CPU
		{8A7B3A62-E143-437D-98AC-D30FA44707A1}.Release|Any CPU.Build.0 = Release|Any CPU
		{8A7B3A62-E143-437D-98AC-D30FA44707A1}.Release|ARM.ActiveCfg = Release|Any CPU
		{8A7B3A62-E143-437D-98AC-D30FA44707A1}.Release|ARM.Build.0 = Release|Any CPU
		{8A7B3A62-E143-437D-98AC-D30FA44707A1}.Release|iPhone.ActiveCfg = Release|Any CPU
		{8A7B3A62-E143-437D-98AC-D30FA44707A1}.Release|iPhone.Build.0 = Release|Any CPU
		{8A7B3A62-E143-437D-98AC-D30FA44707A1}.Release|iPhoneSimulator.ActiveCfg = Release|Any CPU
		{8A7B3A62-E143-437D-98AC-D30FA44707A1}.Release|iPhoneSimulator.Build.0 = Release|Any CPU
		{8A7B3A62-E143-437D-98AC-D30FA44707A1}.Release|x64.ActiveCfg = Release|Any CPU
		{8A7B3A62-E143-437D-98AC-D30FA44707A1}.Release|x64.Build.0 = Release|Any CPU
		{8A7B3A62-E143-437D-98AC-D30FA44707A1}.Release|x86.ActiveCfg = Release|Any CPU
		{8A7B3A62-E143-437D-98AC-D30FA44707A1}.Release|x86.Build.0 = Release|Any CPU
		{304B64F6-FF0E-4E1B-BEE5-E51DF3A4EBEA}.Ad-Hoc|Any CPU.ActiveCfg = Debug|Any CPU
		{304B64F6-FF0E-4E1B-BEE5-E51DF3A4EBEA}.Ad-Hoc|Any CPU.Build.0 = Debug|Any CPU
		{304B64F6-FF0E-4E1B-BEE5-E51DF3A4EBEA}.Ad-Hoc|ARM.ActiveCfg = Debug|Any CPU
		{304B64F6-FF0E-4E1B-BEE5-E51DF3A4EBEA}.Ad-Hoc|ARM.Build.0 = Debug|Any CPU
		{304B64F6-FF0E-4E1B-BEE5-E51DF3A4EBEA}.Ad-Hoc|iPhone.ActiveCfg = Debug|Any CPU
		{304B64F6-FF0E-4E1B-BEE5-E51DF3A4EBEA}.Ad-Hoc|iPhone.Build.0 = Debug|Any CPU
		{304B64F6-FF0E-4E1B-BEE5-E51DF3A4EBEA}.Ad-Hoc|iPhoneSimulator.ActiveCfg = Debug|Any CPU
		{304B64F6-FF0E-4E1B-BEE5-E51DF3A4EBEA}.Ad-Hoc|iPhoneSimulator.Build.0 = Debug|Any CPU
		{304B64F6-FF0E-4E1B-BEE5-E51DF3A4EBEA}.Ad-Hoc|x64.ActiveCfg = Debug|Any CPU
		{304B64F6-FF0E-4E1B-BEE5-E51DF3A4EBEA}.Ad-Hoc|x64.Build.0 = Debug|Any CPU
		{304B64F6-FF0E-4E1B-BEE5-E51DF3A4EBEA}.Ad-Hoc|x86.ActiveCfg = Debug|Any CPU
		{304B64F6-FF0E-4E1B-BEE5-E51DF3A4EBEA}.Ad-Hoc|x86.Build.0 = Debug|Any CPU
		{304B64F6-FF0E-4E1B-BEE5-E51DF3A4EBEA}.AppStore|Any CPU.ActiveCfg = Release|Any CPU
		{304B64F6-FF0E-4E1B-BEE5-E51DF3A4EBEA}.AppStore|Any CPU.Build.0 = Release|Any CPU
		{304B64F6-FF0E-4E1B-BEE5-E51DF3A4EBEA}.AppStore|ARM.ActiveCfg = Release|Any CPU
		{304B64F6-FF0E-4E1B-BEE5-E51DF3A4EBEA}.AppStore|ARM.Build.0 = Release|Any CPU
		{304B64F6-FF0E-4E1B-BEE5-E51DF3A4EBEA}.AppStore|iPhone.ActiveCfg = Debug|Any CPU
		{304B64F6-FF0E-4E1B-BEE5-E51DF3A4EBEA}.AppStore|iPhone.Build.0 = Debug|Any CPU
		{304B64F6-FF0E-4E1B-BEE5-E51DF3A4EBEA}.AppStore|iPhoneSimulator.ActiveCfg = Debug|Any CPU
		{304B64F6-FF0E-4E1B-BEE5-E51DF3A4EBEA}.AppStore|iPhoneSimulator.Build.0 = Debug|Any CPU
		{304B64F6-FF0E-4E1B-BEE5-E51DF3A4EBEA}.AppStore|x64.ActiveCfg = Release|Any CPU
		{304B64F6-FF0E-4E1B-BEE5-E51DF3A4EBEA}.AppStore|x64.Build.0 = Release|Any CPU
		{304B64F6-FF0E-4E1B-BEE5-E51DF3A4EBEA}.AppStore|x86.ActiveCfg = Release|Any CPU
		{304B64F6-FF0E-4E1B-BEE5-E51DF3A4EBEA}.AppStore|x86.Build.0 = Release|Any CPU
		{304B64F6-FF0E-4E1B-BEE5-E51DF3A4EBEA}.Debug|Any CPU.ActiveCfg = Debug|Any CPU
		{304B64F6-FF0E-4E1B-BEE5-E51DF3A4EBEA}.Debug|Any CPU.Build.0 = Debug|Any CPU
		{304B64F6-FF0E-4E1B-BEE5-E51DF3A4EBEA}.Debug|ARM.ActiveCfg = Debug|Any CPU
		{304B64F6-FF0E-4E1B-BEE5-E51DF3A4EBEA}.Debug|ARM.Build.0 = Debug|Any CPU
		{304B64F6-FF0E-4E1B-BEE5-E51DF3A4EBEA}.Debug|iPhone.ActiveCfg = Debug|Any CPU
		{304B64F6-FF0E-4E1B-BEE5-E51DF3A4EBEA}.Debug|iPhone.Build.0 = Debug|Any CPU
		{304B64F6-FF0E-4E1B-BEE5-E51DF3A4EBEA}.Debug|iPhoneSimulator.ActiveCfg = Debug|Any CPU
		{304B64F6-FF0E-4E1B-BEE5-E51DF3A4EBEA}.Debug|iPhoneSimulator.Build.0 = Debug|Any CPU
		{304B64F6-FF0E-4E1B-BEE5-E51DF3A4EBEA}.Debug|x64.ActiveCfg = Debug|Any CPU
		{304B64F6-FF0E-4E1B-BEE5-E51DF3A4EBEA}.Debug|x64.Build.0 = Debug|Any CPU
		{304B64F6-FF0E-4E1B-BEE5-E51DF3A4EBEA}.Debug|x86.ActiveCfg = Debug|Any CPU
		{304B64F6-FF0E-4E1B-BEE5-E51DF3A4EBEA}.Debug|x86.Build.0 = Debug|Any CPU
		{304B64F6-FF0E-4E1B-BEE5-E51DF3A4EBEA}.Release|Any CPU.ActiveCfg = Release|Any CPU
		{304B64F6-FF0E-4E1B-BEE5-E51DF3A4EBEA}.Release|Any CPU.Build.0 = Release|Any CPU
		{304B64F6-FF0E-4E1B-BEE5-E51DF3A4EBEA}.Release|ARM.ActiveCfg = Release|Any CPU
		{304B64F6-FF0E-4E1B-BEE5-E51DF3A4EBEA}.Release|ARM.Build.0 = Release|Any CPU
		{304B64F6-FF0E-4E1B-BEE5-E51DF3A4EBEA}.Release|iPhone.ActiveCfg = Release|Any CPU
		{304B64F6-FF0E-4E1B-BEE5-E51DF3A4EBEA}.Release|iPhone.Build.0 = Release|Any CPU
		{304B64F6-FF0E-4E1B-BEE5-E51DF3A4EBEA}.Release|iPhoneSimulator.ActiveCfg = Release|Any CPU
		{304B64F6-FF0E-4E1B-BEE5-E51DF3A4EBEA}.Release|iPhoneSimulator.Build.0 = Release|Any CPU
		{304B64F6-FF0E-4E1B-BEE5-E51DF3A4EBEA}.Release|x64.ActiveCfg = Release|Any CPU
		{304B64F6-FF0E-4E1B-BEE5-E51DF3A4EBEA}.Release|x64.Build.0 = Release|Any CPU
		{304B64F6-FF0E-4E1B-BEE5-E51DF3A4EBEA}.Release|x86.ActiveCfg = Release|Any CPU
		{304B64F6-FF0E-4E1B-BEE5-E51DF3A4EBEA}.Release|x86.Build.0 = Release|Any CPU
	EndGlobalSection
	GlobalSection(SolutionProperties) = preSolution
		HideSolutionNode = FALSE
	EndGlobalSection
	GlobalSection(NestedProjects) = preSolution
		{81EEA812-C16E-4EC7-A0B5-DC5C53AC1569} = {C5764FD7-6761-42D3-B28C-293FC534A186}
		{6345A226-9F9D-4E87-BFBA-B878B4BF99AE} = {C5764FD7-6761-42D3-B28C-293FC534A186}
		{4966C3AD-6948-4424-B1DD-4AD82B3D281D} = {C5764FD7-6761-42D3-B28C-293FC534A186}
		{88F25D9F-282F-4A1D-B164-CD5C765A418A} = {C5764FD7-6761-42D3-B28C-293FC534A186}
		{65A67927-7C6F-4BD6-978A-FF115E7254D3} = {C5764FD7-6761-42D3-B28C-293FC534A186}
		{5628C148-20D9-4CC7-B6AD-617B18DC4EE0} = {C5764FD7-6761-42D3-B28C-293FC534A186}
	EndGlobalSection
	GlobalSection(ExtensibilityGlobals) = postSolution
		SolutionGuid = {50099D25-C1F9-45CB-9646-5370CC9FDA7B}
	EndGlobalSection
EndGlobal
