
Microsoft Visual Studio Solution File, Format Version 12.00
# Visual Studio 15
VisualStudioVersion = 15.0.27004.2009
MinimumVisualStudioVersion = 10.0.40219.1
Project("{2150E333-8FDC-42A3-9474-1A3956D46DE8}") = "Solution Items", "Solution Items", "{6A67EFA0-0E27-496D-9894-6DC5E59B4C2D}"
	ProjectSection(SolutionItems) = preProject
		License.txt = License.txt
		Plugin.OAuth2.nuspec = Plugin.OAuth2.nuspec
		Readme.md = Readme.md
	EndProjectSection
EndProject
Project("{9A19103F-16F7-4668-BE54-9A1E7A4F7556}") = "Plugin.OAuth2.Common", "Plugin.OAuth2.Common\Plugin.OAuth2.Common.csproj", "{E2265C32-3ADE-49F9-AB3E-CB4A605ACFC5}"
EndProject
Project("{FAE04EC0-301F-11D3-BF4B-00C04F79EFBC}") = "Plugin.OAuth2.Net46", "Plugin.OAuth2.Net46\Plugin.OAuth2.Net46.csproj", "{304B64F6-FF0E-4E1B-BEE5-E51DF3A4EBEA}"
EndProject
Project("{D954291E-2A0B-460D-934E-DC6B0785DB48}") = "Plugin.OAuth2.Shared", "Plugin.OAuth2.Shared\Plugin.OAuth2.Shared.shproj", "{D0F0BC83-A077-4F16-970F-C4D642E642C3}"
EndProject
Project("{FAE04EC0-301F-11D3-BF4B-00C04F79EFBC}") = "Plugin.OAuth2.UWP", "Plugin.OAuth2.UWP\Plugin.OAuth2.UWP.csproj", "{D1EE9925-54D9-4943-803D-E5C46430C7F9}"
EndProject
Project("{9A19103F-16F7-4668-BE54-9A1E7A4F7556}") = "Plugin.OAuth2", "Plugin.OAuth2\Plugin.OAuth2.csproj", "{C4D264AD-AFDB-49D7-AD69-C8221AF69B94}"
EndProject
Project("{9A19103F-16F7-4668-BE54-9A1E7A4F7556}") = "Plugin.OAuth2.Common.Test", "Plugin.OAuth2.Common.Test\Plugin.OAuth2.Common.Test.csproj", "{1AD38B2C-D296-4345-8BCE-B44F42AFF5C1}"
EndProject
Project("{FAE04EC0-301F-11D3-BF4B-00C04F79EFBC}") = "Plugin.OAuth2.iOS", "Plugin.OAuth2.iOS\Plugin.OAuth2.iOS.csproj", "{EEF40825-DA7E-4768-8296-060616A839C2}"
EndProject
Project("{FAE04EC0-301F-11D3-BF4B-00C04F79EFBC}") = "Plugin.OAuth2.Android", "Plugin.OAuth2.Android\Plugin.OAuth2.Android.csproj", "{8A7B3A62-E143-437D-98AC-D30FA44707A1}"
EndProject
Project("{2150E333-8FDC-42A3-9474-1A3956D46DE8}") = "TestApps", "TestApps", "{C5764FD7-6761-42D3-B28C-293FC534A186}"
EndProject
Project("{FAE04EC0-301F-11D3-BF4B-00C04F79EFBC}") = "TestApp.Shared", "TestApps\TestApp.Shared\TestApp.Shared.csproj", "{81EEA812-C16E-4EC7-A0B5-DC5C53AC1569}"
EndProject
Global
	GlobalSection(SharedMSBuildProjectFiles) = preSolution
		Plugin.OAuth2.Shared\Plugin.OAuth2.Shared.projitems*{304b64f6-ff0e-4e1b-bee5-e51df3a4ebea}*SharedItemsImports = 4
		Plugin.OAuth2.Shared\Plugin.OAuth2.Shared.projitems*{8a7b3a62-e143-437d-98ac-d30fa44707a1}*SharedItemsImports = 4
		Plugin.OAuth2.Shared\Plugin.OAuth2.Shared.projitems*{d0f0bc83-a077-4f16-970f-c4d642e642c3}*SharedItemsImports = 13
		Plugin.OAuth2.Shared\Plugin.OAuth2.Shared.projitems*{d1ee9925-54d9-4943-803d-e5c46430c7f9}*SharedItemsImports = 4
		Plugin.OAuth2.Shared\Plugin.OAuth2.Shared.projitems*{eef40825-da7e-4768-8296-060616a839c2}*SharedItemsImports = 4
	EndGlobalSection
	GlobalSection(SolutionConfigurationPlatforms) = preSolution
		AppStore|Any CPU = AppStore|Any CPU
		AppStore|ARM = AppStore|ARM
		AppStore|x64 = AppStore|x64
		AppStore|x86 = AppStore|x86
		Debug|Any CPU = Debug|Any CPU
		Debug|ARM = Debug|ARM
		Debug|x64 = Debug|x64
		Debug|x86 = Debug|x86
		Release|Any CPU = Release|Any CPU
		Release|ARM = Release|ARM
		Release|x64 = Release|x64
		Release|x86 = Release|x86
	EndGlobalSection
	GlobalSection(ProjectConfigurationPlatforms) = postSolution
		{E2265C32-3ADE-49F9-AB3E-CB4A605ACFC5}.AppStore|Any CPU.ActiveCfg = Debug|Any CPU
		{E2265C32-3ADE-49F9-AB3E-CB4A605ACFC5}.AppStore|Any CPU.Build.0 = Debug|Any CPU
		{E2265C32-3ADE-49F9-AB3E-CB4A605ACFC5}.AppStore|ARM.ActiveCfg = Debug|Any CPU
		{E2265C32-3ADE-49F9-AB3E-CB4A605ACFC5}.AppStore|ARM.Build.0 = Debug|Any CPU
		{E2265C32-3ADE-49F9-AB3E-CB4A605ACFC5}.AppStore|x64.ActiveCfg = Debug|Any CPU
		{E2265C32-3ADE-49F9-AB3E-CB4A605ACFC5}.AppStore|x64.Build.0 = Debug|Any CPU
		{E2265C32-3ADE-49F9-AB3E-CB4A605ACFC5}.AppStore|x86.ActiveCfg = Debug|Any CPU
		{E2265C32-3ADE-49F9-AB3E-CB4A605ACFC5}.AppStore|x86.Build.0 = Debug|Any CPU
		{E2265C32-3ADE-49F9-AB3E-CB4A605ACFC5}.Debug|Any CPU.ActiveCfg = Debug|Any CPU
		{E2265C32-3ADE-49F9-AB3E-CB4A605ACFC5}.Debug|Any CPU.Build.0 = Debug|Any CPU
		{E2265C32-3ADE-49F9-AB3E-CB4A605ACFC5}.Debug|ARM.ActiveCfg = Debug|Any CPU
		{E2265C32-3ADE-49F9-AB3E-CB4A605ACFC5}.Debug|ARM.Build.0 = Debug|Any CPU
		{E2265C32-3ADE-49F9-AB3E-CB4A605ACFC5}.Debug|x64.ActiveCfg = Debug|Any CPU
		{E2265C32-3ADE-49F9-AB3E-CB4A605ACFC5}.Debug|x64.Build.0 = Debug|Any CPU
		{E2265C32-3ADE-49F9-AB3E-CB4A605ACFC5}.Debug|x86.ActiveCfg = Debug|Any CPU
		{E2265C32-3ADE-49F9-AB3E-CB4A605ACFC5}.Debug|x86.Build.0 = Debug|Any CPU
		{E2265C32-3ADE-49F9-AB3E-CB4A605ACFC5}.Release|Any CPU.ActiveCfg = Release|Any CPU
		{E2265C32-3ADE-49F9-AB3E-CB4A605ACFC5}.Release|Any CPU.Build.0 = Release|Any CPU
		{E2265C32-3ADE-49F9-AB3E-CB4A605ACFC5}.Release|ARM.ActiveCfg = Release|Any CPU
		{E2265C32-3ADE-49F9-AB3E-CB4A605ACFC5}.Release|ARM.Build.0 = Release|Any CPU
		{E2265C32-3ADE-49F9-AB3E-CB4A605ACFC5}.Release|x64.ActiveCfg = Release|Any CPU
		{E2265C32-3ADE-49F9-AB3E-CB4A605ACFC5}.Release|x64.Build.0 = Release|Any CPU
		{E2265C32-3ADE-49F9-AB3E-CB4A605ACFC5}.Release|x86.ActiveCfg = Release|Any CPU
		{E2265C32-3ADE-49F9-AB3E-CB4A605ACFC5}.Release|x86.Build.0 = Release|Any CPU
		{304B64F6-FF0E-4E1B-BEE5-E51DF3A4EBEA}.AppStore|Any CPU.ActiveCfg = Release|Any CPU
		{304B64F6-FF0E-4E1B-BEE5-E51DF3A4EBEA}.AppStore|Any CPU.Build.0 = Release|Any CPU
		{304B64F6-FF0E-4E1B-BEE5-E51DF3A4EBEA}.AppStore|ARM.ActiveCfg = Release|Any CPU
		{304B64F6-FF0E-4E1B-BEE5-E51DF3A4EBEA}.AppStore|ARM.Build.0 = Release|Any CPU
		{304B64F6-FF0E-4E1B-BEE5-E51DF3A4EBEA}.AppStore|x64.ActiveCfg = Release|Any CPU
		{304B64F6-FF0E-4E1B-BEE5-E51DF3A4EBEA}.AppStore|x64.Build.0 = Release|Any CPU
		{304B64F6-FF0E-4E1B-BEE5-E51DF3A4EBEA}.AppStore|x86.ActiveCfg = Release|Any CPU
		{304B64F6-FF0E-4E1B-BEE5-E51DF3A4EBEA}.AppStore|x86.Build.0 = Release|Any CPU
		{304B64F6-FF0E-4E1B-BEE5-E51DF3A4EBEA}.Debug|Any CPU.ActiveCfg = Debug|Any CPU
		{304B64F6-FF0E-4E1B-BEE5-E51DF3A4EBEA}.Debug|Any CPU.Build.0 = Debug|Any CPU
		{304B64F6-FF0E-4E1B-BEE5-E51DF3A4EBEA}.Debug|ARM.ActiveCfg = Debug|Any CPU
		{304B64F6-FF0E-4E1B-BEE5-E51DF3A4EBEA}.Debug|ARM.Build.0 = Debug|Any CPU
		{304B64F6-FF0E-4E1B-BEE5-E51DF3A4EBEA}.Debug|x64.ActiveCfg = Debug|Any CPU
		{304B64F6-FF0E-4E1B-BEE5-E51DF3A4EBEA}.Debug|x64.Build.0 = Debug|Any CPU
		{304B64F6-FF0E-4E1B-BEE5-E51DF3A4EBEA}.Debug|x86.ActiveCfg = Debug|Any CPU
		{304B64F6-FF0E-4E1B-BEE5-E51DF3A4EBEA}.Debug|x86.Build.0 = Debug|Any CPU
		{304B64F6-FF0E-4E1B-BEE5-E51DF3A4EBEA}.Release|Any CPU.ActiveCfg = Release|Any CPU
		{304B64F6-FF0E-4E1B-BEE5-E51DF3A4EBEA}.Release|Any CPU.Build.0 = Release|Any CPU
		{304B64F6-FF0E-4E1B-BEE5-E51DF3A4EBEA}.Release|ARM.ActiveCfg = Release|Any CPU
		{304B64F6-FF0E-4E1B-BEE5-E51DF3A4EBEA}.Release|ARM.Build.0 = Release|Any CPU
		{304B64F6-FF0E-4E1B-BEE5-E51DF3A4EBEA}.Release|x64.ActiveCfg = Release|Any CPU
		{304B64F6-FF0E-4E1B-BEE5-E51DF3A4EBEA}.Release|x64.Build.0 = Release|Any CPU
		{304B64F6-FF0E-4E1B-BEE5-E51DF3A4EBEA}.Release|x86.ActiveCfg = Release|Any CPU
		{304B64F6-FF0E-4E1B-BEE5-E51DF3A4EBEA}.Release|x86.Build.0 = Release|Any CPU
		{D1EE9925-54D9-4943-803D-E5C46430C7F9}.AppStore|Any CPU.ActiveCfg = Release|Any CPU
		{D1EE9925-54D9-4943-803D-E5C46430C7F9}.AppStore|Any CPU.Build.0 = Release|Any CPU
		{D1EE9925-54D9-4943-803D-E5C46430C7F9}.AppStore|ARM.ActiveCfg = Release|ARM
		{D1EE9925-54D9-4943-803D-E5C46430C7F9}.AppStore|ARM.Build.0 = Release|ARM
		{D1EE9925-54D9-4943-803D-E5C46430C7F9}.AppStore|x64.ActiveCfg = Release|x64
		{D1EE9925-54D9-4943-803D-E5C46430C7F9}.AppStore|x64.Build.0 = Release|x64
		{D1EE9925-54D9-4943-803D-E5C46430C7F9}.AppStore|x86.ActiveCfg = Release|x86
		{D1EE9925-54D9-4943-803D-E5C46430C7F9}.AppStore|x86.Build.0 = Release|x86
		{D1EE9925-54D9-4943-803D-E5C46430C7F9}.Debug|Any CPU.ActiveCfg = Debug|Any CPU
		{D1EE9925-54D9-4943-803D-E5C46430C7F9}.Debug|Any CPU.Build.0 = Debug|Any CPU
		{D1EE9925-54D9-4943-803D-E5C46430C7F9}.Debug|ARM.ActiveCfg = Debug|ARM
		{D1EE9925-54D9-4943-803D-E5C46430C7F9}.Debug|ARM.Build.0 = Debug|ARM
		{D1EE9925-54D9-4943-803D-E5C46430C7F9}.Debug|x64.ActiveCfg = Debug|x64
		{D1EE9925-54D9-4943-803D-E5C46430C7F9}.Debug|x64.Build.0 = Debug|x64
		{D1EE9925-54D9-4943-803D-E5C46430C7F9}.Debug|x86.ActiveCfg = Debug|x86
		{D1EE9925-54D9-4943-803D-E5C46430C7F9}.Debug|x86.Build.0 = Debug|x86
		{D1EE9925-54D9-4943-803D-E5C46430C7F9}.Release|Any CPU.ActiveCfg = Release|Any CPU
		{D1EE9925-54D9-4943-803D-E5C46430C7F9}.Release|Any CPU.Build.0 = Release|Any CPU
		{D1EE9925-54D9-4943-803D-E5C46430C7F9}.Release|ARM.ActiveCfg = Release|ARM
		{D1EE9925-54D9-4943-803D-E5C46430C7F9}.Release|ARM.Build.0 = Release|ARM
		{D1EE9925-54D9-4943-803D-E5C46430C7F9}.Release|x64.ActiveCfg = Release|x64
		{D1EE9925-54D9-4943-803D-E5C46430C7F9}.Release|x64.Build.0 = Release|x64
		{D1EE9925-54D9-4943-803D-E5C46430C7F9}.Release|x86.ActiveCfg = Release|x86
		{D1EE9925-54D9-4943-803D-E5C46430C7F9}.Release|x86.Build.0 = Release|x86
		{C4D264AD-AFDB-49D7-AD69-C8221AF69B94}.AppStore|Any CPU.ActiveCfg = Debug|Any CPU
		{C4D264AD-AFDB-49D7-AD69-C8221AF69B94}.AppStore|Any CPU.Build.0 = Debug|Any CPU
		{C4D264AD-AFDB-49D7-AD69-C8221AF69B94}.AppStore|ARM.ActiveCfg = Debug|Any CPU
		{C4D264AD-AFDB-49D7-AD69-C8221AF69B94}.AppStore|ARM.Build.0 = Debug|Any CPU
		{C4D264AD-AFDB-49D7-AD69-C8221AF69B94}.AppStore|x64.ActiveCfg = Debug|Any CPU
		{C4D264AD-AFDB-49D7-AD69-C8221AF69B94}.AppStore|x64.Build.0 = Debug|Any CPU
		{C4D264AD-AFDB-49D7-AD69-C8221AF69B94}.AppStore|x86.ActiveCfg = Debug|Any CPU
		{C4D264AD-AFDB-49D7-AD69-C8221AF69B94}.AppStore|x86.Build.0 = Debug|Any CPU
		{C4D264AD-AFDB-49D7-AD69-C8221AF69B94}.Debug|Any CPU.ActiveCfg = Debug|Any CPU
		{C4D264AD-AFDB-49D7-AD69-C8221AF69B94}.Debug|Any CPU.Build.0 = Debug|Any CPU
		{C4D264AD-AFDB-49D7-AD69-C8221AF69B94}.Debug|ARM.ActiveCfg = Debug|Any CPU
		{C4D264AD-AFDB-49D7-AD69-C8221AF69B94}.Debug|ARM.Build.0 = Debug|Any CPU
		{C4D264AD-AFDB-49D7-AD69-C8221AF69B94}.Debug|x64.ActiveCfg = Debug|Any CPU
		{C4D264AD-AFDB-49D7-AD69-C8221AF69B94}.Debug|x64.Build.0 = Debug|Any CPU
		{C4D264AD-AFDB-49D7-AD69-C8221AF69B94}.Debug|x86.ActiveCfg = Debug|Any CPU
		{C4D264AD-AFDB-49D7-AD69-C8221AF69B94}.Debug|x86.Build.0 = Debug|Any CPU
		{C4D264AD-AFDB-49D7-AD69-C8221AF69B94}.Release|Any CPU.ActiveCfg = Release|Any CPU
		{C4D264AD-AFDB-49D7-AD69-C8221AF69B94}.Release|Any CPU.Build.0 = Release|Any CPU
		{C4D264AD-AFDB-49D7-AD69-C8221AF69B94}.Release|ARM.ActiveCfg = Release|Any CPU
		{C4D264AD-AFDB-49D7-AD69-C8221AF69B94}.Release|ARM.Build.0 = Release|Any CPU
		{C4D264AD-AFDB-49D7-AD69-C8221AF69B94}.Release|x64.ActiveCfg = Release|Any CPU
		{C4D264AD-AFDB-49D7-AD69-C8221AF69B94}.Release|x64.Build.0 = Release|Any CPU
		{C4D264AD-AFDB-49D7-AD69-C8221AF69B94}.Release|x86.ActiveCfg = Release|Any CPU
		{C4D264AD-AFDB-49D7-AD69-C8221AF69B94}.Release|x86.Build.0 = Release|Any CPU
		{1AD38B2C-D296-4345-8BCE-B44F42AFF5C1}.AppStore|Any CPU.ActiveCfg = Debug|Any CPU
		{1AD38B2C-D296-4345-8BCE-B44F42AFF5C1}.AppStore|Any CPU.Build.0 = Debug|Any CPU
		{1AD38B2C-D296-4345-8BCE-B44F42AFF5C1}.AppStore|ARM.ActiveCfg = Debug|Any CPU
		{1AD38B2C-D296-4345-8BCE-B44F42AFF5C1}.AppStore|ARM.Build.0 = Debug|Any CPU
		{1AD38B2C-D296-4345-8BCE-B44F42AFF5C1}.AppStore|x64.ActiveCfg = Debug|Any CPU
		{1AD38B2C-D296-4345-8BCE-B44F42AFF5C1}.AppStore|x64.Build.0 = Debug|Any CPU
		{1AD38B2C-D296-4345-8BCE-B44F42AFF5C1}.AppStore|x86.ActiveCfg = Debug|Any CPU
		{1AD38B2C-D296-4345-8BCE-B44F42AFF5C1}.AppStore|x86.Build.0 = Debug|Any CPU
		{1AD38B2C-D296-4345-8BCE-B44F42AFF5C1}.Debug|Any CPU.ActiveCfg = Debug|Any CPU
		{1AD38B2C-D296-4345-8BCE-B44F42AFF5C1}.Debug|Any CPU.Build.0 = Debug|Any CPU
		{1AD38B2C-D296-4345-8BCE-B44F42AFF5C1}.Debug|ARM.ActiveCfg = Debug|Any CPU
		{1AD38B2C-D296-4345-8BCE-B44F42AFF5C1}.Debug|ARM.Build.0 = Debug|Any CPU
		{1AD38B2C-D296-4345-8BCE-B44F42AFF5C1}.Debug|x64.ActiveCfg = Debug|Any CPU
		{1AD38B2C-D296-4345-8BCE-B44F42AFF5C1}.Debug|x64.Build.0 = Debug|Any CPU
		{1AD38B2C-D296-4345-8BCE-B44F42AFF5C1}.Debug|x86.ActiveCfg = Debug|Any CPU
		{1AD38B2C-D296-4345-8BCE-B44F42AFF5C1}.Debug|x86.Build.0 = Debug|Any CPU
		{1AD38B2C-D296-4345-8BCE-B44F42AFF5C1}.Release|Any CPU.ActiveCfg = Release|Any CPU
		{1AD38B2C-D296-4345-8BCE-B44F42AFF5C1}.Release|Any CPU.Build.0 = Release|Any CPU
		{1AD38B2C-D296-4345-8BCE-B44F42AFF5C1}.Release|ARM.ActiveCfg = Release|Any CPU
		{1AD38B2C-D296-4345-8BCE-B44F42AFF5C1}.Release|ARM.Build.0 = Release|Any CPU
		{1AD38B2C-D296-4345-8BCE-B44F42AFF5C1}.Release|x64.ActiveCfg = Release|Any CPU
		{1AD38B2C-D296-4345-8BCE-B44F42AFF5C1}.Release|x64.Build.0 = Release|Any CPU
		{1AD38B2C-D296-4345-8BCE-B44F42AFF5C1}.Release|x86.ActiveCfg = Release|Any CPU
		{1AD38B2C-D296-4345-8BCE-B44F42AFF5C1}.Release|x86.Build.0 = Release|Any CPU
		{EEF40825-DA7E-4768-8296-060616A839C2}.AppStore|Any CPU.ActiveCfg = Release|Any CPU
		{EEF40825-DA7E-4768-8296-060616A839C2}.AppStore|Any CPU.Build.0 = Release|Any CPU
		{EEF40825-DA7E-4768-8296-060616A839C2}.AppStore|ARM.ActiveCfg = Release|Any CPU
		{EEF40825-DA7E-4768-8296-060616A839C2}.AppStore|ARM.Build.0 = Release|Any CPU
		{EEF40825-DA7E-4768-8296-060616A839C2}.AppStore|x64.ActiveCfg = Release|Any CPU
		{EEF40825-DA7E-4768-8296-060616A839C2}.AppStore|x64.Build.0 = Release|Any CPU
		{EEF40825-DA7E-4768-8296-060616A839C2}.AppStore|x86.ActiveCfg = Release|Any CPU
		{EEF40825-DA7E-4768-8296-060616A839C2}.AppStore|x86.Build.0 = Release|Any CPU
		{EEF40825-DA7E-4768-8296-060616A839C2}.Debug|Any CPU.ActiveCfg = Debug|Any CPU
		{EEF40825-DA7E-4768-8296-060616A839C2}.Debug|Any CPU.Build.0 = Debug|Any CPU
		{EEF40825-DA7E-4768-8296-060616A839C2}.Debug|ARM.ActiveCfg = Debug|Any CPU
		{EEF40825-DA7E-4768-8296-060616A839C2}.Debug|ARM.Build.0 = Debug|Any CPU
		{EEF40825-DA7E-4768-8296-060616A839C2}.Debug|x64.ActiveCfg = Debug|Any CPU
		{EEF40825-DA7E-4768-8296-060616A839C2}.Debug|x64.Build.0 = Debug|Any CPU
		{EEF40825-DA7E-4768-8296-060616A839C2}.Debug|x86.ActiveCfg = Debug|Any CPU
		{EEF40825-DA7E-4768-8296-060616A839C2}.Debug|x86.Build.0 = Debug|Any CPU
		{EEF40825-DA7E-4768-8296-060616A839C2}.Release|Any CPU.ActiveCfg = Release|Any CPU
		{EEF40825-DA7E-4768-8296-060616A839C2}.Release|Any CPU.Build.0 = Release|Any CPU
		{EEF40825-DA7E-4768-8296-060616A839C2}.Release|ARM.ActiveCfg = Release|Any CPU
		{EEF40825-DA7E-4768-8296-060616A839C2}.Release|ARM.Build.0 = Release|Any CPU
		{EEF40825-DA7E-4768-8296-060616A839C2}.Release|x64.ActiveCfg = Release|Any CPU
		{EEF40825-DA7E-4768-8296-060616A839C2}.Release|x64.Build.0 = Release|Any CPU
		{EEF40825-DA7E-4768-8296-060616A839C2}.Release|x86.ActiveCfg = Release|Any CPU
		{EEF40825-DA7E-4768-8296-060616A839C2}.Release|x86.Build.0 = Release|Any CPU
		{8A7B3A62-E143-437D-98AC-D30FA44707A1}.AppStore|Any CPU.ActiveCfg = Release|Any CPU
		{8A7B3A62-E143-437D-98AC-D30FA44707A1}.AppStore|Any CPU.Build.0 = Release|Any CPU
		{8A7B3A62-E143-437D-98AC-D30FA44707A1}.AppStore|ARM.ActiveCfg = Release|Any CPU
		{8A7B3A62-E143-437D-98AC-D30FA44707A1}.AppStore|ARM.Build.0 = Release|Any CPU
		{8A7B3A62-E143-437D-98AC-D30FA44707A1}.AppStore|x64.ActiveCfg = Release|Any CPU
		{8A7B3A62-E143-437D-98AC-D30FA44707A1}.AppStore|x64.Build.0 = Release|Any CPU
		{8A7B3A62-E143-437D-98AC-D30FA44707A1}.AppStore|x86.ActiveCfg = Release|Any CPU
		{8A7B3A62-E143-437D-98AC-D30FA44707A1}.AppStore|x86.Build.0 = Release|Any CPU
		{8A7B3A62-E143-437D-98AC-D30FA44707A1}.Debug|Any CPU.ActiveCfg = Debug|Any CPU
		{8A7B3A62-E143-437D-98AC-D30FA44707A1}.Debug|Any CPU.Build.0 = Debug|Any CPU
		{8A7B3A62-E143-437D-98AC-D30FA44707A1}.Debug|ARM.ActiveCfg = Debug|Any CPU
		{8A7B3A62-E143-437D-98AC-D30FA44707A1}.Debug|ARM.Build.0 = Debug|Any CPU
		{8A7B3A62-E143-437D-98AC-D30FA44707A1}.Debug|x64.ActiveCfg = Debug|Any CPU
		{8A7B3A62-E143-437D-98AC-D30FA44707A1}.Debug|x64.Build.0 = Debug|Any CPU
		{8A7B3A62-E143-437D-98AC-D30FA44707A1}.Debug|x86.ActiveCfg = Debug|Any CPU
		{8A7B3A62-E143-437D-98AC-D30FA44707A1}.Debug|x86.Build.0 = Debug|Any CPU
		{8A7B3A62-E143-437D-98AC-D30FA44707A1}.Release|Any CPU.ActiveCfg = Release|Any CPU
		{8A7B3A62-E143-437D-98AC-D30FA44707A1}.Release|Any CPU.Build.0 = Release|Any CPU
		{8A7B3A62-E143-437D-98AC-D30FA44707A1}.Release|ARM.ActiveCfg = Release|Any CPU
		{8A7B3A62-E143-437D-98AC-D30FA44707A1}.Release|ARM.Build.0 = Release|Any CPU
		{8A7B3A62-E143-437D-98AC-D30FA44707A1}.Release|x64.ActiveCfg = Release|Any CPU
		{8A7B3A62-E143-437D-98AC-D30FA44707A1}.Release|x64.Build.0 = Release|Any CPU
		{8A7B3A62-E143-437D-98AC-D30FA44707A1}.Release|x86.ActiveCfg = Release|Any CPU
		{8A7B3A62-E143-437D-98AC-D30FA44707A1}.Release|x86.Build.0 = Release|Any CPU
		{81EEA812-C16E-4EC7-A0B5-DC5C53AC1569}.AppStore|Any CPU.ActiveCfg = Debug|Any CPU
		{81EEA812-C16E-4EC7-A0B5-DC5C53AC1569}.AppStore|Any CPU.Build.0 = Debug|Any CPU
		{81EEA812-C16E-4EC7-A0B5-DC5C53AC1569}.AppStore|ARM.ActiveCfg = Debug|Any CPU
		{81EEA812-C16E-4EC7-A0B5-DC5C53AC1569}.AppStore|ARM.Build.0 = Debug|Any CPU
		{81EEA812-C16E-4EC7-A0B5-DC5C53AC1569}.AppStore|x64.ActiveCfg = Debug|Any CPU
		{81EEA812-C16E-4EC7-A0B5-DC5C53AC1569}.AppStore|x64.Build.0 = Debug|Any CPU
		{81EEA812-C16E-4EC7-A0B5-DC5C53AC1569}.AppStore|x86.ActiveCfg = Debug|Any CPU
		{81EEA812-C16E-4EC7-A0B5-DC5C53AC1569}.AppStore|x86.Build.0 = Debug|Any CPU
		{81EEA812-C16E-4EC7-A0B5-DC5C53AC1569}.Debug|Any CPU.ActiveCfg = Debug|Any CPU
		{81EEA812-C16E-4EC7-A0B5-DC5C53AC1569}.Debug|Any CPU.Build.0 = Debug|Any CPU
		{81EEA812-C16E-4EC7-A0B5-DC5C53AC1569}.Debug|ARM.ActiveCfg = Debug|Any CPU
		{81EEA812-C16E-4EC7-A0B5-DC5C53AC1569}.Debug|ARM.Build.0 = Debug|Any CPU
		{81EEA812-C16E-4EC7-A0B5-DC5C53AC1569}.Debug|x64.ActiveCfg = Debug|Any CPU
		{81EEA812-C16E-4EC7-A0B5-DC5C53AC1569}.Debug|x64.Build.0 = Debug|Any CPU
		{81EEA812-C16E-4EC7-A0B5-DC5C53AC1569}.Debug|x86.ActiveCfg = Debug|Any CPU
		{81EEA812-C16E-4EC7-A0B5-DC5C53AC1569}.Debug|x86.Build.0 = Debug|Any CPU
		{81EEA812-C16E-4EC7-A0B5-DC5C53AC1569}.Release|Any CPU.ActiveCfg = Release|Any CPU
		{81EEA812-C16E-4EC7-A0B5-DC5C53AC1569}.Release|Any CPU.Build.0 = Release|Any CPU
		{81EEA812-C16E-4EC7-A0B5-DC5C53AC1569}.Release|ARM.ActiveCfg = Release|Any CPU
		{81EEA812-C16E-4EC7-A0B5-DC5C53AC1569}.Release|ARM.Build.0 = Release|Any CPU
		{81EEA812-C16E-4EC7-A0B5-DC5C53AC1569}.Release|x64.ActiveCfg = Release|Any CPU
		{81EEA812-C16E-4EC7-A0B5-DC5C53AC1569}.Release|x64.Build.0 = Release|Any CPU
		{81EEA812-C16E-4EC7-A0B5-DC5C53AC1569}.Release|x86.ActiveCfg = Release|Any CPU
		{81EEA812-C16E-4EC7-A0B5-DC5C53AC1569}.Release|x86.Build.0 = Release|Any CPU
	EndGlobalSection
	GlobalSection(SolutionProperties) = preSolution
		HideSolutionNode = FALSE
	EndGlobalSection
	GlobalSection(NestedProjects) = preSolution
		{81EEA812-C16E-4EC7-A0B5-DC5C53AC1569} = {C5764FD7-6761-42D3-B28C-293FC534A186}
	EndGlobalSection
	GlobalSection(ExtensibilityGlobals) = postSolution
		SolutionGuid = {50099D25-C1F9-45CB-9646-5370CC9FDA7B}
	EndGlobalSection
EndGlobal
